// !$*UTF8*$!
{
	archiveVersion = 1;
	classes = {
	};
	objectVersion = 48;
	objects = {

/* Begin PBXBuildFile section */
		2F011F1D20B2B0A600A4801C /* td2__00008.png in Resources */ = {isa = PBXBuildFile; fileRef = 2F011EEA20B2B09800A4801C /* td2__00008.png */; };
		2F011F1E20B2B0A600A4801C /* td2__00031.png in Resources */ = {isa = PBXBuildFile; fileRef = 2F011EEB20B2B09800A4801C /* td2__00031.png */; };
		2F011F1F20B2B0A600A4801C /* td2__00012.png in Resources */ = {isa = PBXBuildFile; fileRef = 2F011EEC20B2B09800A4801C /* td2__00012.png */; };
		2F011F2020B2B0A600A4801C /* td2__00020.png in Resources */ = {isa = PBXBuildFile; fileRef = 2F011EED20B2B09800A4801C /* td2__00020.png */; };
		2F011F2120B2B0A600A4801C /* td2__00007.png in Resources */ = {isa = PBXBuildFile; fileRef = 2F011EEE20B2B09800A4801C /* td2__00007.png */; };
		2F011F2220B2B0A600A4801C /* td2__00032.png in Resources */ = {isa = PBXBuildFile; fileRef = 2F011EEF20B2B09800A4801C /* td2__00032.png */; };
		2F011F2320B2B0A600A4801C /* td2__00041.png in Resources */ = {isa = PBXBuildFile; fileRef = 2F011EF020B2B09900A4801C /* td2__00041.png */; };
		2F011F2420B2B0A600A4801C /* td2__00017.png in Resources */ = {isa = PBXBuildFile; fileRef = 2F011EF120B2B09900A4801C /* td2__00017.png */; };
		2F011F2520B2B0A600A4801C /* td2__00040.png in Resources */ = {isa = PBXBuildFile; fileRef = 2F011EF220B2B09900A4801C /* td2__00040.png */; };
		2F011F2620B2B0A600A4801C /* td2__00003.png in Resources */ = {isa = PBXBuildFile; fileRef = 2F011EF320B2B09900A4801C /* td2__00003.png */; };
		2F011F2720B2B0A600A4801C /* td2__00037.png in Resources */ = {isa = PBXBuildFile; fileRef = 2F011EF420B2B09900A4801C /* td2__00037.png */; };
		2F011F2820B2B0A600A4801C /* td2__00000.png in Resources */ = {isa = PBXBuildFile; fileRef = 2F011EF520B2B09A00A4801C /* td2__00000.png */; };
		2F011F2920B2B0A600A4801C /* td2__00050.png in Resources */ = {isa = PBXBuildFile; fileRef = 2F011EF620B2B09A00A4801C /* td2__00050.png */; };
		2F011F2A20B2B0A600A4801C /* td2__00004.png in Resources */ = {isa = PBXBuildFile; fileRef = 2F011EF720B2B09A00A4801C /* td2__00004.png */; };
		2F011F2B20B2B0A600A4801C /* td2__00011.png in Resources */ = {isa = PBXBuildFile; fileRef = 2F011EF820B2B09A00A4801C /* td2__00011.png */; };
		2F011F2C20B2B0A600A4801C /* td2__00028.png in Resources */ = {isa = PBXBuildFile; fileRef = 2F011EF920B2B09A00A4801C /* td2__00028.png */; };
		2F011F2D20B2B0A600A4801C /* td2__00047.png in Resources */ = {isa = PBXBuildFile; fileRef = 2F011EFA20B2B09B00A4801C /* td2__00047.png */; };
		2F011F2E20B2B0A600A4801C /* td2__00045.png in Resources */ = {isa = PBXBuildFile; fileRef = 2F011EFB20B2B09B00A4801C /* td2__00045.png */; };
		2F011F2F20B2B0A600A4801C /* td2__00038.png in Resources */ = {isa = PBXBuildFile; fileRef = 2F011EFC20B2B09B00A4801C /* td2__00038.png */; };
		2F011F3020B2B0A600A4801C /* td2__00026.png in Resources */ = {isa = PBXBuildFile; fileRef = 2F011EFD20B2B09B00A4801C /* td2__00026.png */; };
		2F011F3120B2B0A600A4801C /* td2__00002.png in Resources */ = {isa = PBXBuildFile; fileRef = 2F011EFE20B2B09B00A4801C /* td2__00002.png */; };
		2F011F3220B2B0A600A4801C /* td2__00048.png in Resources */ = {isa = PBXBuildFile; fileRef = 2F011EFF20B2B09B00A4801C /* td2__00048.png */; };
		2F011F3320B2B0A600A4801C /* td2__00001.png in Resources */ = {isa = PBXBuildFile; fileRef = 2F011F0020B2B09C00A4801C /* td2__00001.png */; };
		2F011F3420B2B0A600A4801C /* td2__00025.png in Resources */ = {isa = PBXBuildFile; fileRef = 2F011F0120B2B09C00A4801C /* td2__00025.png */; };
		2F011F3520B2B0A600A4801C /* td2__00043.png in Resources */ = {isa = PBXBuildFile; fileRef = 2F011F0220B2B09C00A4801C /* td2__00043.png */; };
		2F011F3620B2B0A600A4801C /* td2__00039.png in Resources */ = {isa = PBXBuildFile; fileRef = 2F011F0320B2B09C00A4801C /* td2__00039.png */; };
		2F011F3720B2B0A600A4801C /* td2__00010.png in Resources */ = {isa = PBXBuildFile; fileRef = 2F011F0420B2B09D00A4801C /* td2__00010.png */; };
		2F011F3820B2B0A600A4801C /* td2__00015.png in Resources */ = {isa = PBXBuildFile; fileRef = 2F011F0520B2B09D00A4801C /* td2__00015.png */; };
		2F011F3920B2B0A600A4801C /* td2__00042.png in Resources */ = {isa = PBXBuildFile; fileRef = 2F011F0620B2B09D00A4801C /* td2__00042.png */; };
		2F011F3A20B2B0A600A4801C /* td2__00044.png in Resources */ = {isa = PBXBuildFile; fileRef = 2F011F0720B2B09E00A4801C /* td2__00044.png */; };
		2F011F3B20B2B0A600A4801C /* td2__00036.png in Resources */ = {isa = PBXBuildFile; fileRef = 2F011F0820B2B09E00A4801C /* td2__00036.png */; };
		2F011F3C20B2B0A600A4801C /* td2__00049.png in Resources */ = {isa = PBXBuildFile; fileRef = 2F011F0920B2B09E00A4801C /* td2__00049.png */; };
		2F011F3D20B2B0A600A4801C /* td2__00030.png in Resources */ = {isa = PBXBuildFile; fileRef = 2F011F0A20B2B09F00A4801C /* td2__00030.png */; };
		2F011F3E20B2B0A600A4801C /* td2__00013.png in Resources */ = {isa = PBXBuildFile; fileRef = 2F011F0B20B2B09F00A4801C /* td2__00013.png */; };
		2F011F3F20B2B0A600A4801C /* td2__00029.png in Resources */ = {isa = PBXBuildFile; fileRef = 2F011F0C20B2B0A000A4801C /* td2__00029.png */; };
		2F011F4020B2B0A600A4801C /* td2__00019.png in Resources */ = {isa = PBXBuildFile; fileRef = 2F011F0D20B2B0A000A4801C /* td2__00019.png */; };
		2F011F4120B2B0A600A4801C /* td2__00014.png in Resources */ = {isa = PBXBuildFile; fileRef = 2F011F0E20B2B0A100A4801C /* td2__00014.png */; };
		2F011F4220B2B0A600A4801C /* td2__00018.png in Resources */ = {isa = PBXBuildFile; fileRef = 2F011F0F20B2B0A100A4801C /* td2__00018.png */; };
		2F011F4320B2B0A600A4801C /* td2__00006.png in Resources */ = {isa = PBXBuildFile; fileRef = 2F011F1020B2B0A100A4801C /* td2__00006.png */; };
		2F011F4420B2B0A600A4801C /* td2__00034.png in Resources */ = {isa = PBXBuildFile; fileRef = 2F011F1120B2B0A100A4801C /* td2__00034.png */; };
		2F011F4520B2B0A600A4801C /* td2__00016.png in Resources */ = {isa = PBXBuildFile; fileRef = 2F011F1220B2B0A200A4801C /* td2__00016.png */; };
		2F011F4620B2B0A600A4801C /* td2__00021.png in Resources */ = {isa = PBXBuildFile; fileRef = 2F011F1320B2B0A200A4801C /* td2__00021.png */; };
		2F011F4720B2B0A600A4801C /* td2__00022.png in Resources */ = {isa = PBXBuildFile; fileRef = 2F011F1420B2B0A200A4801C /* td2__00022.png */; };
		2F011F4820B2B0A600A4801C /* td2__00035.png in Resources */ = {isa = PBXBuildFile; fileRef = 2F011F1520B2B0A300A4801C /* td2__00035.png */; };
		2F011F4920B2B0A600A4801C /* td2__00046.png in Resources */ = {isa = PBXBuildFile; fileRef = 2F011F1620B2B0A300A4801C /* td2__00046.png */; };
		2F011F4A20B2B0A600A4801C /* td2__00009.png in Resources */ = {isa = PBXBuildFile; fileRef = 2F011F1720B2B0A300A4801C /* td2__00009.png */; };
		2F011F4B20B2B0A600A4801C /* td2__00033.png in Resources */ = {isa = PBXBuildFile; fileRef = 2F011F1820B2B0A400A4801C /* td2__00033.png */; };
		2F011F4C20B2B0A600A4801C /* td2__00023.png in Resources */ = {isa = PBXBuildFile; fileRef = 2F011F1920B2B0A400A4801C /* td2__00023.png */; };
		2F011F4D20B2B0A600A4801C /* td2__00027.png in Resources */ = {isa = PBXBuildFile; fileRef = 2F011F1A20B2B0A500A4801C /* td2__00027.png */; };
		2F011F4E20B2B0A600A4801C /* td2__00024.png in Resources */ = {isa = PBXBuildFile; fileRef = 2F011F1B20B2B0A500A4801C /* td2__00024.png */; };
		2F011F4F20B2B0A600A4801C /* td2__00005.png in Resources */ = {isa = PBXBuildFile; fileRef = 2F011F1C20B2B0A600A4801C /* td2__00005.png */; };
		2F011F6720B7A2EB00A4801C /* next.png in Resources */ = {isa = PBXBuildFile; fileRef = 2F011F6620B7A2EB00A4801C /* next.png */; };
		2F011F6920B7A3EE00A4801C /* prev.png in Resources */ = {isa = PBXBuildFile; fileRef = 2F011F6820B7A3EE00A4801C /* prev.png */; };
		2F17563B205B981900FAD966 /* safeLight.png in Resources */ = {isa = PBXBuildFile; fileRef = 2F17563A205B981900FAD966 /* safeLight.png */; };
		2F17563F205B9ECE00FAD966 /* full.png in Resources */ = {isa = PBXBuildFile; fileRef = 2F17563E205B9ECE00FAD966 /* full.png */; };
		2F2B233C205A64A9005A9C33 /* checkView.png in Resources */ = {isa = PBXBuildFile; fileRef = 2F2B233B205A64A9005A9C33 /* checkView.png */; };
		2F2B233E205A6D99005A9C33 /* close_red.png in Resources */ = {isa = PBXBuildFile; fileRef = 2F2B233D205A6D99005A9C33 /* close_red.png */; };
		2F2B2348205B52D6005A9C33 /* UIView+GlowView.m in Sources */ = {isa = PBXBuildFile; fileRef = 2F2B2346205B52D5005A9C33 /* UIView+GlowView.m */; };
		2F2B234A205B599E005A9C33 /* lightView.png in Resources */ = {isa = PBXBuildFile; fileRef = 2F2B2349205B599E005A9C33 /* lightView.png */; };
		2F2B234C205B5E03005A9C33 /* light.png in Resources */ = {isa = PBXBuildFile; fileRef = 2F2B234B205B5E02005A9C33 /* light.png */; };
		2F39573920622ACF00D6137F /* bubble.png in Resources */ = {isa = PBXBuildFile; fileRef = 2F39573820622ACF00D6137F /* bubble.png */; };
		2F39573B2064A71B00D6137F /* close.png in Resources */ = {isa = PBXBuildFile; fileRef = 2F39573A2064A71B00D6137F /* close.png */; };
		2F39573D2064AC9500D6137F /* card.png in Resources */ = {isa = PBXBuildFile; fileRef = 2F39573C2064AC9500D6137F /* card.png */; };
		2F39573F2064B86200D6137F /* idle.png in Resources */ = {isa = PBXBuildFile; fileRef = 2F39573E2064B86100D6137F /* idle.png */; };
		2F3957412064E3F500D6137F /* copy.png in Resources */ = {isa = PBXBuildFile; fileRef = 2F3957402064E3F500D6137F /* copy.png */; };
		2F3957432064E3FA00D6137F /* link.png in Resources */ = {isa = PBXBuildFile; fileRef = 2F3957422064E3FA00D6137F /* link.png */; };
		2F3957452064E40000D6137F /* call.png in Resources */ = {isa = PBXBuildFile; fileRef = 2F3957442064E3FF00D6137F /* call.png */; };
		2F3957482064EF4C00D6137F /* VinView.m in Sources */ = {isa = PBXBuildFile; fileRef = 2F3957472064EF4C00D6137F /* VinView.m */; };
		2F39574A2064F18C00D6137F /* vin.png in Resources */ = {isa = PBXBuildFile; fileRef = 2F3957492064F18B00D6137F /* vin.png */; };
		2F39574D2064F5C500D6137F /* VinViewController.m in Sources */ = {isa = PBXBuildFile; fileRef = 2F39574C2064F5C500D6137F /* VinViewController.m */; };
		2F39574F2064FFD800D6137F /* success.png in Resources */ = {isa = PBXBuildFile; fileRef = 2F39574E2064FFD800D6137F /* success.png */; };
		2F408BB020664B35003DC340 /* UILabel+YBAttributeTextTapAction.m in Sources */ = {isa = PBXBuildFile; fileRef = 2F408BAE20664B35003DC340 /* UILabel+YBAttributeTextTapAction.m */; };
		2F610350204E226600535AD8 /* FYXSideMenu.m in Sources */ = {isa = PBXBuildFile; fileRef = 2F61034F204E226600535AD8 /* FYXSideMenu.m */; };
		2F610354204E73FF00535AD8 /* FYXPageFlow.m in Sources */ = {isa = PBXBuildFile; fileRef = 2F610353204E73FF00535AD8 /* FYXPageFlow.m */; };
		2F85742920560998003D1518 /* CalendarViewController.m in Sources */ = {isa = PBXBuildFile; fileRef = 2F85742820560998003D1518 /* CalendarViewController.m */; };
		2F85742C2056160C003D1518 /* PageFlowViewController.m in Sources */ = {isa = PBXBuildFile; fileRef = 2F85742B2056160C003D1518 /* PageFlowViewController.m */; };
		2F85743020561E26003D1518 /* FYXCheckView.m in Sources */ = {isa = PBXBuildFile; fileRef = 2F85742F20561E26003D1518 /* FYXCheckView.m */; };
		2F8574332056200F003D1518 /* CheckAnimationViewController.m in Sources */ = {isa = PBXBuildFile; fileRef = 2F8574322056200F003D1518 /* CheckAnimationViewController.m */; };
		2F85743A20564D1D003D1518 /* FYXLoadingHud.m in Sources */ = {isa = PBXBuildFile; fileRef = 2F85743920564D1D003D1518 /* FYXLoadingHud.m */; };
		2F85743D20567BCC003D1518 /* HUdViewController.m in Sources */ = {isa = PBXBuildFile; fileRef = 2F85743C20567BCC003D1518 /* HUdViewController.m */; };
		2F86FE79203E6BA600994707 /* sure.png in Resources */ = {isa = PBXBuildFile; fileRef = 2F86FE78203E6BA600994707 /* sure.png */; };
		2F89B49D202D29A700DC6105 /* AppDelegate.m in Sources */ = {isa = PBXBuildFile; fileRef = 2F89B49C202D29A700DC6105 /* AppDelegate.m */; };
		2F89B4A0202D29A700DC6105 /* ViewController.m in Sources */ = {isa = PBXBuildFile; fileRef = 2F89B49F202D29A700DC6105 /* ViewController.m */; };
		2F89B4A3202D29A700DC6105 /* Main.storyboard in Resources */ = {isa = PBXBuildFile; fileRef = 2F89B4A1202D29A700DC6105 /* Main.storyboard */; };
		2F89B4A5202D29A700DC6105 /* Assets.xcassets in Resources */ = {isa = PBXBuildFile; fileRef = 2F89B4A4202D29A700DC6105 /* Assets.xcassets */; };
		2F89B4A8202D29A700DC6105 /* LaunchScreen.storyboard in Resources */ = {isa = PBXBuildFile; fileRef = 2F89B4A6202D29A700DC6105 /* LaunchScreen.storyboard */; };
		2F89B4AB202D29A700DC6105 /* main.m in Sources */ = {isa = PBXBuildFile; fileRef = 2F89B4AA202D29A700DC6105 /* main.m */; };
		2F89B4B5202D29A800DC6105 /* FYXComponentTests.m in Sources */ = {isa = PBXBuildFile; fileRef = 2F89B4B4202D29A800DC6105 /* FYXComponentTests.m */; };
		2F89B4C0202D29A800DC6105 /* FYXComponentUITests.m in Sources */ = {isa = PBXBuildFile; fileRef = 2F89B4BF202D29A800DC6105 /* FYXComponentUITests.m */; };
		2F89B4D0202D29E400DC6105 /* FYXAlertView.m in Sources */ = {isa = PBXBuildFile; fileRef = 2F89B4CF202D29E400DC6105 /* FYXAlertView.m */; };
		2F92794F207DB3D800E7FF9E /* FYXActionSheet.m in Sources */ = {isa = PBXBuildFile; fileRef = 2F92794E207DB3D800E7FF9E /* FYXActionSheet.m */; };
		2FB274E1203FBB4600E985F9 /* FYXToast.m in Sources */ = {isa = PBXBuildFile; fileRef = 2FB274E0203FBB4600E985F9 /* FYXToast.m */; };
		2FB274E8203FE51500E985F9 /* FYXButton.m in Sources */ = {isa = PBXBuildFile; fileRef = 2FB274E7203FE51500E985F9 /* FYXButton.m */; };
		2FB274EE203FF98000E985F9 /* FYXTextField.m in Sources */ = {isa = PBXBuildFile; fileRef = 2FB274ED203FF98000E985F9 /* FYXTextField.m */; };
		2FB27512204139BF00E985F9 /* FSCalendarCollectionView.m in Sources */ = {isa = PBXBuildFile; fileRef = 2FB274F1204139BF00E985F9 /* FSCalendarCollectionView.m */; };
		2FB27513204139BF00E985F9 /* FSCalendarDelegationProxy.m in Sources */ = {isa = PBXBuildFile; fileRef = 2FB274F5204139BF00E985F9 /* FSCalendarDelegationProxy.m */; };
		2FB27514204139BF00E985F9 /* FSCalendarDelegationFactory.m in Sources */ = {isa = PBXBuildFile; fileRef = 2FB274F7204139BF00E985F9 /* FSCalendarDelegationFactory.m */; };
		2FB27515204139BF00E985F9 /* FSCalendarCell.m in Sources */ = {isa = PBXBuildFile; fileRef = 2FB274FD204139BF00E985F9 /* FSCalendarCell.m */; };
		2FB27516204139BF00E985F9 /* FSCalendarStickyHeader.m in Sources */ = {isa = PBXBuildFile; fileRef = 2FB274FE204139BF00E985F9 /* FSCalendarStickyHeader.m */; };
		2FB27517204139BF00E985F9 /* FSCalendar.m in Sources */ = {isa = PBXBuildFile; fileRef = 2FB274FF204139BF00E985F9 /* FSCalendar.m */; };
		2FB27518204139BF00E985F9 /* FSCalendarCollectionViewLayout.m in Sources */ = {isa = PBXBuildFile; fileRef = 2FB27500204139BF00E985F9 /* FSCalendarCollectionViewLayout.m */; };
		2FB27519204139BF00E985F9 /* FSCalendarScopeHandle.m in Sources */ = {isa = PBXBuildFile; fileRef = 2FB27501204139BF00E985F9 /* FSCalendarScopeHandle.m */; };
		2FB2751A204139BF00E985F9 /* FSCalendarWeekdayView.m in Sources */ = {isa = PBXBuildFile; fileRef = 2FB27502204139BF00E985F9 /* FSCalendarWeekdayView.m */; };
		2FB2751B204139BF00E985F9 /* FSCalendarExtensions.m in Sources */ = {isa = PBXBuildFile; fileRef = 2FB27506204139BF00E985F9 /* FSCalendarExtensions.m */; };
		2FB2751C204139BF00E985F9 /* FSCalendar+Deprecated.m in Sources */ = {isa = PBXBuildFile; fileRef = 2FB27508204139BF00E985F9 /* FSCalendar+Deprecated.m */; };
		2FB2751D204139BF00E985F9 /* FSCalendarConstants.m in Sources */ = {isa = PBXBuildFile; fileRef = 2FB27509204139BF00E985F9 /* FSCalendarConstants.m */; };
		2FB2751E204139BF00E985F9 /* FSCalendarCalculator.m in Sources */ = {isa = PBXBuildFile; fileRef = 2FB2750A204139BF00E985F9 /* FSCalendarCalculator.m */; };
		2FB2751F204139BF00E985F9 /* FSCalendarHeaderView.m in Sources */ = {isa = PBXBuildFile; fileRef = 2FB2750B204139BF00E985F9 /* FSCalendarHeaderView.m */; };
		2FB27520204139BF00E985F9 /* FSCalendarTransitionCoordinator.m in Sources */ = {isa = PBXBuildFile; fileRef = 2FB2750F204139BF00E985F9 /* FSCalendarTransitionCoordinator.m */; };
		2FB27521204139BF00E985F9 /* Info.plist in Resources */ = {isa = PBXBuildFile; fileRef = 2FB27510204139BF00E985F9 /* Info.plist */; };
		2FB27522204139BF00E985F9 /* FSCalendarAppearance.m in Sources */ = {isa = PBXBuildFile; fileRef = 2FB27511204139BF00E985F9 /* FSCalendarAppearance.m */; };
		2FB27525204139DD00E985F9 /* FYXCalendar.m in Sources */ = {isa = PBXBuildFile; fileRef = 2FB27524204139DD00E985F9 /* FYXCalendar.m */; };
		2FB2752C2044EE1F00E985F9 /* FYXCalendarDataModel.m in Sources */ = {isa = PBXBuildFile; fileRef = 2FB2752B2044EE1F00E985F9 /* FYXCalendarDataModel.m */; };
		2FC02EE62051305A00EA5F11 /* FYXPageFlowLayout.m in Sources */ = {isa = PBXBuildFile; fileRef = 2FC02EE52051305A00EA5F11 /* FYXPageFlowLayout.m */; };
		2FE6FDCE2066212500FAA267 /* EventKit.framework in Frameworks */ = {isa = PBXBuildFile; fileRef = 2FE6FDCC2066212500FAA267 /* EventKit.framework */; };
		2FE6FDCF2066212500FAA267 /* EventKitUI.framework in Frameworks */ = {isa = PBXBuildFile; fileRef = 2FE6FDCD2066212500FAA267 /* EventKitUI.framework */; };
/* End PBXBuildFile section */

/* Begin PBXContainerItemProxy section */
		2F89B4B1202D29A800DC6105 /* PBXContainerItemProxy */ = {
			isa = PBXContainerItemProxy;
			containerPortal = 2F89B490202D29A700DC6105 /* Project object */;
			proxyType = 1;
			remoteGlobalIDString = 2F89B497202D29A700DC6105;
			remoteInfo = FYXComponent;
		};
		2F89B4BC202D29A800DC6105 /* PBXContainerItemProxy */ = {
			isa = PBXContainerItemProxy;
			containerPortal = 2F89B490202D29A700DC6105 /* Project object */;
			proxyType = 1;
			remoteGlobalIDString = 2F89B497202D29A700DC6105;
			remoteInfo = FYXComponent;
		};
/* End PBXContainerItemProxy section */

/* Begin PBXFileReference section */
		2F011EEA20B2B09800A4801C /* td2__00008.png */ = {isa = PBXFileReference; lastKnownFileType = image.png; path = td2__00008.png; sourceTree = "<group>"; };
		2F011EEB20B2B09800A4801C /* td2__00031.png */ = {isa = PBXFileReference; lastKnownFileType = image.png; path = td2__00031.png; sourceTree = "<group>"; };
		2F011EEC20B2B09800A4801C /* td2__00012.png */ = {isa = PBXFileReference; lastKnownFileType = image.png; path = td2__00012.png; sourceTree = "<group>"; };
		2F011EED20B2B09800A4801C /* td2__00020.png */ = {isa = PBXFileReference; lastKnownFileType = image.png; path = td2__00020.png; sourceTree = "<group>"; };
		2F011EEE20B2B09800A4801C /* td2__00007.png */ = {isa = PBXFileReference; lastKnownFileType = image.png; path = td2__00007.png; sourceTree = "<group>"; };
		2F011EEF20B2B09800A4801C /* td2__00032.png */ = {isa = PBXFileReference; lastKnownFileType = image.png; path = td2__00032.png; sourceTree = "<group>"; };
		2F011EF020B2B09900A4801C /* td2__00041.png */ = {isa = PBXFileReference; lastKnownFileType = image.png; path = td2__00041.png; sourceTree = "<group>"; };
		2F011EF120B2B09900A4801C /* td2__00017.png */ = {isa = PBXFileReference; lastKnownFileType = image.png; path = td2__00017.png; sourceTree = "<group>"; };
		2F011EF220B2B09900A4801C /* td2__00040.png */ = {isa = PBXFileReference; lastKnownFileType = image.png; path = td2__00040.png; sourceTree = "<group>"; };
		2F011EF320B2B09900A4801C /* td2__00003.png */ = {isa = PBXFileReference; lastKnownFileType = image.png; path = td2__00003.png; sourceTree = "<group>"; };
		2F011EF420B2B09900A4801C /* td2__00037.png */ = {isa = PBXFileReference; lastKnownFileType = image.png; path = td2__00037.png; sourceTree = "<group>"; };
		2F011EF520B2B09A00A4801C /* td2__00000.png */ = {isa = PBXFileReference; lastKnownFileType = image.png; path = td2__00000.png; sourceTree = "<group>"; };
		2F011EF620B2B09A00A4801C /* td2__00050.png */ = {isa = PBXFileReference; lastKnownFileType = image.png; path = td2__00050.png; sourceTree = "<group>"; };
		2F011EF720B2B09A00A4801C /* td2__00004.png */ = {isa = PBXFileReference; lastKnownFileType = image.png; path = td2__00004.png; sourceTree = "<group>"; };
		2F011EF820B2B09A00A4801C /* td2__00011.png */ = {isa = PBXFileReference; lastKnownFileType = image.png; path = td2__00011.png; sourceTree = "<group>"; };
		2F011EF920B2B09A00A4801C /* td2__00028.png */ = {isa = PBXFileReference; lastKnownFileType = image.png; path = td2__00028.png; sourceTree = "<group>"; };
		2F011EFA20B2B09B00A4801C /* td2__00047.png */ = {isa = PBXFileReference; lastKnownFileType = image.png; path = td2__00047.png; sourceTree = "<group>"; };
		2F011EFB20B2B09B00A4801C /* td2__00045.png */ = {isa = PBXFileReference; lastKnownFileType = image.png; path = td2__00045.png; sourceTree = "<group>"; };
		2F011EFC20B2B09B00A4801C /* td2__00038.png */ = {isa = PBXFileReference; lastKnownFileType = image.png; path = td2__00038.png; sourceTree = "<group>"; };
		2F011EFD20B2B09B00A4801C /* td2__00026.png */ = {isa = PBXFileReference; lastKnownFileType = image.png; path = td2__00026.png; sourceTree = "<group>"; };
		2F011EFE20B2B09B00A4801C /* td2__00002.png */ = {isa = PBXFileReference; lastKnownFileType = image.png; path = td2__00002.png; sourceTree = "<group>"; };
		2F011EFF20B2B09B00A4801C /* td2__00048.png */ = {isa = PBXFileReference; lastKnownFileType = image.png; path = td2__00048.png; sourceTree = "<group>"; };
		2F011F0020B2B09C00A4801C /* td2__00001.png */ = {isa = PBXFileReference; lastKnownFileType = image.png; path = td2__00001.png; sourceTree = "<group>"; };
		2F011F0120B2B09C00A4801C /* td2__00025.png */ = {isa = PBXFileReference; lastKnownFileType = image.png; path = td2__00025.png; sourceTree = "<group>"; };
		2F011F0220B2B09C00A4801C /* td2__00043.png */ = {isa = PBXFileReference; lastKnownFileType = image.png; path = td2__00043.png; sourceTree = "<group>"; };
		2F011F0320B2B09C00A4801C /* td2__00039.png */ = {isa = PBXFileReference; lastKnownFileType = image.png; path = td2__00039.png; sourceTree = "<group>"; };
		2F011F0420B2B09D00A4801C /* td2__00010.png */ = {isa = PBXFileReference; lastKnownFileType = image.png; path = td2__00010.png; sourceTree = "<group>"; };
		2F011F0520B2B09D00A4801C /* td2__00015.png */ = {isa = PBXFileReference; lastKnownFileType = image.png; path = td2__00015.png; sourceTree = "<group>"; };
		2F011F0620B2B09D00A4801C /* td2__00042.png */ = {isa = PBXFileReference; lastKnownFileType = image.png; path = td2__00042.png; sourceTree = "<group>"; };
		2F011F0720B2B09E00A4801C /* td2__00044.png */ = {isa = PBXFileReference; lastKnownFileType = image.png; path = td2__00044.png; sourceTree = "<group>"; };
		2F011F0820B2B09E00A4801C /* td2__00036.png */ = {isa = PBXFileReference; lastKnownFileType = image.png; path = td2__00036.png; sourceTree = "<group>"; };
		2F011F0920B2B09E00A4801C /* td2__00049.png */ = {isa = PBXFileReference; lastKnownFileType = image.png; path = td2__00049.png; sourceTree = "<group>"; };
		2F011F0A20B2B09F00A4801C /* td2__00030.png */ = {isa = PBXFileReference; lastKnownFileType = image.png; path = td2__00030.png; sourceTree = "<group>"; };
		2F011F0B20B2B09F00A4801C /* td2__00013.png */ = {isa = PBXFileReference; lastKnownFileType = image.png; path = td2__00013.png; sourceTree = "<group>"; };
		2F011F0C20B2B0A000A4801C /* td2__00029.png */ = {isa = PBXFileReference; lastKnownFileType = image.png; path = td2__00029.png; sourceTree = "<group>"; };
		2F011F0D20B2B0A000A4801C /* td2__00019.png */ = {isa = PBXFileReference; lastKnownFileType = image.png; path = td2__00019.png; sourceTree = "<group>"; };
		2F011F0E20B2B0A100A4801C /* td2__00014.png */ = {isa = PBXFileReference; lastKnownFileType = image.png; path = td2__00014.png; sourceTree = "<group>"; };
		2F011F0F20B2B0A100A4801C /* td2__00018.png */ = {isa = PBXFileReference; lastKnownFileType = image.png; path = td2__00018.png; sourceTree = "<group>"; };
		2F011F1020B2B0A100A4801C /* td2__00006.png */ = {isa = PBXFileReference; lastKnownFileType = image.png; path = td2__00006.png; sourceTree = "<group>"; };
		2F011F1120B2B0A100A4801C /* td2__00034.png */ = {isa = PBXFileReference; lastKnownFileType = image.png; path = td2__00034.png; sourceTree = "<group>"; };
		2F011F1220B2B0A200A4801C /* td2__00016.png */ = {isa = PBXFileReference; lastKnownFileType = image.png; path = td2__00016.png; sourceTree = "<group>"; };
		2F011F1320B2B0A200A4801C /* td2__00021.png */ = {isa = PBXFileReference; lastKnownFileType = image.png; path = td2__00021.png; sourceTree = "<group>"; };
		2F011F1420B2B0A200A4801C /* td2__00022.png */ = {isa = PBXFileReference; lastKnownFileType = image.png; path = td2__00022.png; sourceTree = "<group>"; };
		2F011F1520B2B0A300A4801C /* td2__00035.png */ = {isa = PBXFileReference; lastKnownFileType = image.png; path = td2__00035.png; sourceTree = "<group>"; };
		2F011F1620B2B0A300A4801C /* td2__00046.png */ = {isa = PBXFileReference; lastKnownFileType = image.png; path = td2__00046.png; sourceTree = "<group>"; };
		2F011F1720B2B0A300A4801C /* td2__00009.png */ = {isa = PBXFileReference; lastKnownFileType = image.png; path = td2__00009.png; sourceTree = "<group>"; };
		2F011F1820B2B0A400A4801C /* td2__00033.png */ = {isa = PBXFileReference; lastKnownFileType = image.png; path = td2__00033.png; sourceTree = "<group>"; };
		2F011F1920B2B0A400A4801C /* td2__00023.png */ = {isa = PBXFileReference; lastKnownFileType = image.png; path = td2__00023.png; sourceTree = "<group>"; };
		2F011F1A20B2B0A500A4801C /* td2__00027.png */ = {isa = PBXFileReference; lastKnownFileType = image.png; path = td2__00027.png; sourceTree = "<group>"; };
		2F011F1B20B2B0A500A4801C /* td2__00024.png */ = {isa = PBXFileReference; lastKnownFileType = image.png; path = td2__00024.png; sourceTree = "<group>"; };
		2F011F1C20B2B0A600A4801C /* td2__00005.png */ = {isa = PBXFileReference; lastKnownFileType = image.png; path = td2__00005.png; sourceTree = "<group>"; };
		2F011F6620B7A2EB00A4801C /* next.png */ = {isa = PBXFileReference; lastKnownFileType = image.png; path = next.png; sourceTree = "<group>"; };
		2F011F6820B7A3EE00A4801C /* prev.png */ = {isa = PBXFileReference; lastKnownFileType = image.png; path = prev.png; sourceTree = "<group>"; };
		2F17563A205B981900FAD966 /* safeLight.png */ = {isa = PBXFileReference; lastKnownFileType = image.png; path = safeLight.png; sourceTree = "<group>"; };
		2F17563E205B9ECE00FAD966 /* full.png */ = {isa = PBXFileReference; lastKnownFileType = image.png; path = full.png; sourceTree = "<group>"; };
		2F2B233B205A64A9005A9C33 /* checkView.png */ = {isa = PBXFileReference; lastKnownFileType = image.png; path = checkView.png; sourceTree = "<group>"; };
		2F2B233D205A6D99005A9C33 /* close_red.png */ = {isa = PBXFileReference; lastKnownFileType = image.png; path = close_red.png; sourceTree = "<group>"; };
		2F2B2346205B52D5005A9C33 /* UIView+GlowView.m */ = {isa = PBXFileReference; fileEncoding = 4; lastKnownFileType = sourcecode.c.objc; path = "UIView+GlowView.m"; sourceTree = "<group>"; };
		2F2B2347205B52D5005A9C33 /* UIView+GlowView.h */ = {isa = PBXFileReference; fileEncoding = 4; lastKnownFileType = sourcecode.c.h; path = "UIView+GlowView.h"; sourceTree = "<group>"; };
		2F2B2349205B599E005A9C33 /* lightView.png */ = {isa = PBXFileReference; lastKnownFileType = image.png; path = lightView.png; sourceTree = "<group>"; };
		2F2B234B205B5E02005A9C33 /* light.png */ = {isa = PBXFileReference; lastKnownFileType = image.png; path = light.png; sourceTree = "<group>"; };
		2F39573820622ACF00D6137F /* bubble.png */ = {isa = PBXFileReference; lastKnownFileType = image.png; path = bubble.png; sourceTree = "<group>"; };
		2F39573A2064A71B00D6137F /* close.png */ = {isa = PBXFileReference; lastKnownFileType = image.png; path = close.png; sourceTree = "<group>"; };
		2F39573C2064AC9500D6137F /* card.png */ = {isa = PBXFileReference; lastKnownFileType = image.png; path = card.png; sourceTree = "<group>"; };
		2F39573E2064B86100D6137F /* idle.png */ = {isa = PBXFileReference; lastKnownFileType = image.png; path = idle.png; sourceTree = "<group>"; };
		2F3957402064E3F500D6137F /* copy.png */ = {isa = PBXFileReference; lastKnownFileType = image.png; path = copy.png; sourceTree = "<group>"; };
		2F3957422064E3FA00D6137F /* link.png */ = {isa = PBXFileReference; lastKnownFileType = image.png; path = link.png; sourceTree = "<group>"; };
		2F3957442064E3FF00D6137F /* call.png */ = {isa = PBXFileReference; lastKnownFileType = image.png; path = call.png; sourceTree = "<group>"; };
		2F3957462064EF4C00D6137F /* VinView.h */ = {isa = PBXFileReference; lastKnownFileType = sourcecode.c.h; path = VinView.h; sourceTree = "<group>"; };
		2F3957472064EF4C00D6137F /* VinView.m */ = {isa = PBXFileReference; lastKnownFileType = sourcecode.c.objc; path = VinView.m; sourceTree = "<group>"; };
		2F3957492064F18B00D6137F /* vin.png */ = {isa = PBXFileReference; lastKnownFileType = image.png; path = vin.png; sourceTree = "<group>"; };
		2F39574B2064F5C500D6137F /* VinViewController.h */ = {isa = PBXFileReference; lastKnownFileType = sourcecode.c.h; path = VinViewController.h; sourceTree = "<group>"; };
		2F39574C2064F5C500D6137F /* VinViewController.m */ = {isa = PBXFileReference; lastKnownFileType = sourcecode.c.objc; path = VinViewController.m; sourceTree = "<group>"; };
		2F39574E2064FFD800D6137F /* success.png */ = {isa = PBXFileReference; lastKnownFileType = image.png; path = success.png; sourceTree = "<group>"; };
		2F408BAE20664B35003DC340 /* UILabel+YBAttributeTextTapAction.m */ = {isa = PBXFileReference; fileEncoding = 4; lastKnownFileType = sourcecode.c.objc; path = "UILabel+YBAttributeTextTapAction.m"; sourceTree = "<group>"; };
		2F408BAF20664B35003DC340 /* UILabel+YBAttributeTextTapAction.h */ = {isa = PBXFileReference; fileEncoding = 4; lastKnownFileType = sourcecode.c.h; path = "UILabel+YBAttributeTextTapAction.h"; sourceTree = "<group>"; };
		2F61034E204E226600535AD8 /* FYXSideMenu.h */ = {isa = PBXFileReference; lastKnownFileType = sourcecode.c.h; path = FYXSideMenu.h; sourceTree = "<group>"; };
		2F61034F204E226600535AD8 /* FYXSideMenu.m */ = {isa = PBXFileReference; lastKnownFileType = sourcecode.c.objc; path = FYXSideMenu.m; sourceTree = "<group>"; };
		2F610352204E73FF00535AD8 /* FYXPageFlow.h */ = {isa = PBXFileReference; lastKnownFileType = sourcecode.c.h; path = FYXPageFlow.h; sourceTree = "<group>"; };
		2F610353204E73FF00535AD8 /* FYXPageFlow.m */ = {isa = PBXFileReference; lastKnownFileType = sourcecode.c.objc; path = FYXPageFlow.m; sourceTree = "<group>"; };
		2F85742720560998003D1518 /* CalendarViewController.h */ = {isa = PBXFileReference; lastKnownFileType = sourcecode.c.h; path = CalendarViewController.h; sourceTree = "<group>"; };
		2F85742820560998003D1518 /* CalendarViewController.m */ = {isa = PBXFileReference; lastKnownFileType = sourcecode.c.objc; path = CalendarViewController.m; sourceTree = "<group>"; };
		2F85742A2056160C003D1518 /* PageFlowViewController.h */ = {isa = PBXFileReference; lastKnownFileType = sourcecode.c.h; path = PageFlowViewController.h; sourceTree = "<group>"; };
		2F85742B2056160C003D1518 /* PageFlowViewController.m */ = {isa = PBXFileReference; lastKnownFileType = sourcecode.c.objc; path = PageFlowViewController.m; sourceTree = "<group>"; };
		2F85742E20561E26003D1518 /* FYXCheckView.h */ = {isa = PBXFileReference; lastKnownFileType = sourcecode.c.h; path = FYXCheckView.h; sourceTree = "<group>"; };
		2F85742F20561E26003D1518 /* FYXCheckView.m */ = {isa = PBXFileReference; lastKnownFileType = sourcecode.c.objc; path = FYXCheckView.m; sourceTree = "<group>"; };
		2F8574312056200F003D1518 /* CheckAnimationViewController.h */ = {isa = PBXFileReference; lastKnownFileType = sourcecode.c.h; path = CheckAnimationViewController.h; sourceTree = "<group>"; };
		2F8574322056200F003D1518 /* CheckAnimationViewController.m */ = {isa = PBXFileReference; lastKnownFileType = sourcecode.c.objc; path = CheckAnimationViewController.m; sourceTree = "<group>"; };
		2F85743820564D1D003D1518 /* FYXLoadingHud.h */ = {isa = PBXFileReference; lastKnownFileType = sourcecode.c.h; path = FYXLoadingHud.h; sourceTree = "<group>"; };
		2F85743920564D1D003D1518 /* FYXLoadingHud.m */ = {isa = PBXFileReference; lastKnownFileType = sourcecode.c.objc; path = FYXLoadingHud.m; sourceTree = "<group>"; };
		2F85743B20567BCC003D1518 /* HUdViewController.h */ = {isa = PBXFileReference; lastKnownFileType = sourcecode.c.h; path = HUdViewController.h; sourceTree = "<group>"; };
		2F85743C20567BCC003D1518 /* HUdViewController.m */ = {isa = PBXFileReference; lastKnownFileType = sourcecode.c.objc; path = HUdViewController.m; sourceTree = "<group>"; };
		2F86FE78203E6BA600994707 /* sure.png */ = {isa = PBXFileReference; lastKnownFileType = image.png; path = sure.png; sourceTree = "<group>"; };
		2F89B498202D29A700DC6105 /* FYXComponent.app */ = {isa = PBXFileReference; explicitFileType = wrapper.application; includeInIndex = 0; path = FYXComponent.app; sourceTree = BUILT_PRODUCTS_DIR; };
		2F89B49B202D29A700DC6105 /* AppDelegate.h */ = {isa = PBXFileReference; lastKnownFileType = sourcecode.c.h; path = AppDelegate.h; sourceTree = "<group>"; };
		2F89B49C202D29A700DC6105 /* AppDelegate.m */ = {isa = PBXFileReference; lastKnownFileType = sourcecode.c.objc; path = AppDelegate.m; sourceTree = "<group>"; };
		2F89B49E202D29A700DC6105 /* ViewController.h */ = {isa = PBXFileReference; lastKnownFileType = sourcecode.c.h; path = ViewController.h; sourceTree = "<group>"; };
		2F89B49F202D29A700DC6105 /* ViewController.m */ = {isa = PBXFileReference; lastKnownFileType = sourcecode.c.objc; path = ViewController.m; sourceTree = "<group>"; };
		2F89B4A2202D29A700DC6105 /* Base */ = {isa = PBXFileReference; lastKnownFileType = file.storyboard; name = Base; path = Base.lproj/Main.storyboard; sourceTree = "<group>"; };
		2F89B4A4202D29A700DC6105 /* Assets.xcassets */ = {isa = PBXFileReference; lastKnownFileType = folder.assetcatalog; path = Assets.xcassets; sourceTree = "<group>"; };
		2F89B4A7202D29A700DC6105 /* Base */ = {isa = PBXFileReference; lastKnownFileType = file.storyboard; name = Base; path = Base.lproj/LaunchScreen.storyboard; sourceTree = "<group>"; };
		2F89B4A9202D29A700DC6105 /* Info.plist */ = {isa = PBXFileReference; lastKnownFileType = text.plist.xml; path = Info.plist; sourceTree = "<group>"; };
		2F89B4AA202D29A700DC6105 /* main.m */ = {isa = PBXFileReference; lastKnownFileType = sourcecode.c.objc; path = main.m; sourceTree = "<group>"; };
		2F89B4B0202D29A800DC6105 /* FYXComponentTests.xctest */ = {isa = PBXFileReference; explicitFileType = wrapper.cfbundle; includeInIndex = 0; path = FYXComponentTests.xctest; sourceTree = BUILT_PRODUCTS_DIR; };
		2F89B4B4202D29A800DC6105 /* FYXComponentTests.m */ = {isa = PBXFileReference; lastKnownFileType = sourcecode.c.objc; path = FYXComponentTests.m; sourceTree = "<group>"; };
		2F89B4B6202D29A800DC6105 /* Info.plist */ = {isa = PBXFileReference; lastKnownFileType = text.plist.xml; path = Info.plist; sourceTree = "<group>"; };
		2F89B4BB202D29A800DC6105 /* FYXComponentUITests.xctest */ = {isa = PBXFileReference; explicitFileType = wrapper.cfbundle; includeInIndex = 0; path = FYXComponentUITests.xctest; sourceTree = BUILT_PRODUCTS_DIR; };
		2F89B4BF202D29A800DC6105 /* FYXComponentUITests.m */ = {isa = PBXFileReference; lastKnownFileType = sourcecode.c.objc; path = FYXComponentUITests.m; sourceTree = "<group>"; };
		2F89B4C1202D29A800DC6105 /* Info.plist */ = {isa = PBXFileReference; lastKnownFileType = text.plist.xml; path = Info.plist; sourceTree = "<group>"; };
		2F89B4CE202D29E400DC6105 /* FYXAlertView.h */ = {isa = PBXFileReference; lastKnownFileType = sourcecode.c.h; path = FYXAlertView.h; sourceTree = "<group>"; };
		2F89B4CF202D29E400DC6105 /* FYXAlertView.m */ = {isa = PBXFileReference; lastKnownFileType = sourcecode.c.objc; path = FYXAlertView.m; sourceTree = "<group>"; };
		2F92794D207DB3D800E7FF9E /* FYXActionSheet.h */ = {isa = PBXFileReference; lastKnownFileType = sourcecode.c.h; path = FYXActionSheet.h; sourceTree = "<group>"; };
		2F92794E207DB3D800E7FF9E /* FYXActionSheet.m */ = {isa = PBXFileReference; lastKnownFileType = sourcecode.c.objc; path = FYXActionSheet.m; sourceTree = "<group>"; };
		2FB274DF203FBB4600E985F9 /* FYXToast.h */ = {isa = PBXFileReference; lastKnownFileType = sourcecode.c.h; path = FYXToast.h; sourceTree = "<group>"; };
		2FB274E0203FBB4600E985F9 /* FYXToast.m */ = {isa = PBXFileReference; lastKnownFileType = sourcecode.c.objc; path = FYXToast.m; sourceTree = "<group>"; };
		2FB274E6203FE51500E985F9 /* FYXButton.h */ = {isa = PBXFileReference; lastKnownFileType = sourcecode.c.h; path = FYXButton.h; sourceTree = "<group>"; };
		2FB274E7203FE51500E985F9 /* FYXButton.m */ = {isa = PBXFileReference; lastKnownFileType = sourcecode.c.objc; path = FYXButton.m; sourceTree = "<group>"; };
		2FB274EC203FF98000E985F9 /* FYXTextField.h */ = {isa = PBXFileReference; lastKnownFileType = sourcecode.c.h; path = FYXTextField.h; sourceTree = "<group>"; };
		2FB274ED203FF98000E985F9 /* FYXTextField.m */ = {isa = PBXFileReference; lastKnownFileType = sourcecode.c.objc; path = FYXTextField.m; sourceTree = "<group>"; };
		2FB274F1204139BF00E985F9 /* FSCalendarCollectionView.m */ = {isa = PBXFileReference; fileEncoding = 4; lastKnownFileType = sourcecode.c.objc; path = FSCalendarCollectionView.m; sourceTree = "<group>"; };
		2FB274F2204139BF00E985F9 /* FSCalendarWeekdayView.h */ = {isa = PBXFileReference; fileEncoding = 4; lastKnownFileType = sourcecode.c.h; path = FSCalendarWeekdayView.h; sourceTree = "<group>"; };
		2FB274F3204139BF00E985F9 /* FSCalendarCollectionViewLayout.h */ = {isa = PBXFileReference; fileEncoding = 4; lastKnownFileType = sourcecode.c.h; path = FSCalendarCollectionViewLayout.h; sourceTree = "<group>"; };
		2FB274F4204139BF00E985F9 /* FSCalendarScopeHandle.h */ = {isa = PBXFileReference; fileEncoding = 4; lastKnownFileType = sourcecode.c.h; path = FSCalendarScopeHandle.h; sourceTree = "<group>"; };
		2FB274F5204139BF00E985F9 /* FSCalendarDelegationProxy.m */ = {isa = PBXFileReference; fileEncoding = 4; lastKnownFileType = sourcecode.c.objc; path = FSCalendarDelegationProxy.m; sourceTree = "<group>"; };
		2FB274F6204139BF00E985F9 /* FSCalendarExtensions.h */ = {isa = PBXFileReference; fileEncoding = 4; lastKnownFileType = sourcecode.c.h; path = FSCalendarExtensions.h; sourceTree = "<group>"; };
		2FB274F7204139BF00E985F9 /* FSCalendarDelegationFactory.m */ = {isa = PBXFileReference; fileEncoding = 4; lastKnownFileType = sourcecode.c.objc; path = FSCalendarDelegationFactory.m; sourceTree = "<group>"; };
		2FB274F8204139BF00E985F9 /* FSCalendarCalculator.h */ = {isa = PBXFileReference; fileEncoding = 4; lastKnownFileType = sourcecode.c.h; path = FSCalendarCalculator.h; sourceTree = "<group>"; };
		2FB274F9204139BF00E985F9 /* FSCalendarHeaderView.h */ = {isa = PBXFileReference; fileEncoding = 4; lastKnownFileType = sourcecode.c.h; path = FSCalendarHeaderView.h; sourceTree = "<group>"; };
		2FB274FA204139BF00E985F9 /* FSCalendarConstants.h */ = {isa = PBXFileReference; fileEncoding = 4; lastKnownFileType = sourcecode.c.h; path = FSCalendarConstants.h; sourceTree = "<group>"; };
		2FB274FB204139BF00E985F9 /* FSCalendarAppearance.h */ = {isa = PBXFileReference; fileEncoding = 4; lastKnownFileType = sourcecode.c.h; path = FSCalendarAppearance.h; sourceTree = "<group>"; };
		2FB274FC204139BF00E985F9 /* FSCalendarTransitionCoordinator.h */ = {isa = PBXFileReference; fileEncoding = 4; lastKnownFileType = sourcecode.c.h; path = FSCalendarTransitionCoordinator.h; sourceTree = "<group>"; };
		2FB274FD204139BF00E985F9 /* FSCalendarCell.m */ = {isa = PBXFileReference; fileEncoding = 4; lastKnownFileType = sourcecode.c.objc; path = FSCalendarCell.m; sourceTree = "<group>"; };
		2FB274FE204139BF00E985F9 /* FSCalendarStickyHeader.m */ = {isa = PBXFileReference; fileEncoding = 4; lastKnownFileType = sourcecode.c.objc; path = FSCalendarStickyHeader.m; sourceTree = "<group>"; };
		2FB274FF204139BF00E985F9 /* FSCalendar.m */ = {isa = PBXFileReference; fileEncoding = 4; lastKnownFileType = sourcecode.c.objc; path = FSCalendar.m; sourceTree = "<group>"; };
		2FB27500204139BF00E985F9 /* FSCalendarCollectionViewLayout.m */ = {isa = PBXFileReference; fileEncoding = 4; lastKnownFileType = sourcecode.c.objc; path = FSCalendarCollectionViewLayout.m; sourceTree = "<group>"; };
		2FB27501204139BF00E985F9 /* FSCalendarScopeHandle.m */ = {isa = PBXFileReference; fileEncoding = 4; lastKnownFileType = sourcecode.c.objc; path = FSCalendarScopeHandle.m; sourceTree = "<group>"; };
		2FB27502204139BF00E985F9 /* FSCalendarWeekdayView.m */ = {isa = PBXFileReference; fileEncoding = 4; lastKnownFileType = sourcecode.c.objc; path = FSCalendarWeekdayView.m; sourceTree = "<group>"; };
		2FB27503204139BF00E985F9 /* FSCalendarCollectionView.h */ = {isa = PBXFileReference; fileEncoding = 4; lastKnownFileType = sourcecode.c.h; path = FSCalendarCollectionView.h; sourceTree = "<group>"; };
		2FB27504204139BF00E985F9 /* FSCalendarDynamicHeader.h */ = {isa = PBXFileReference; fileEncoding = 4; lastKnownFileType = sourcecode.c.h; path = FSCalendarDynamicHeader.h; sourceTree = "<group>"; };
		2FB27505204139BF00E985F9 /* FSCalendarDelegationFactory.h */ = {isa = PBXFileReference; fileEncoding = 4; lastKnownFileType = sourcecode.c.h; path = FSCalendarDelegationFactory.h; sourceTree = "<group>"; };
		2FB27506204139BF00E985F9 /* FSCalendarExtensions.m */ = {isa = PBXFileReference; fileEncoding = 4; lastKnownFileType = sourcecode.c.objc; path = FSCalendarExtensions.m; sourceTree = "<group>"; };
		2FB27507204139BF00E985F9 /* FSCalendarDelegationProxy.h */ = {isa = PBXFileReference; fileEncoding = 4; lastKnownFileType = sourcecode.c.h; path = FSCalendarDelegationProxy.h; sourceTree = "<group>"; };
		2FB27508204139BF00E985F9 /* FSCalendar+Deprecated.m */ = {isa = PBXFileReference; fileEncoding = 4; lastKnownFileType = sourcecode.c.objc; path = "FSCalendar+Deprecated.m"; sourceTree = "<group>"; };
		2FB27509204139BF00E985F9 /* FSCalendarConstants.m */ = {isa = PBXFileReference; fileEncoding = 4; lastKnownFileType = sourcecode.c.objc; path = FSCalendarConstants.m; sourceTree = "<group>"; };
		2FB2750A204139BF00E985F9 /* FSCalendarCalculator.m */ = {isa = PBXFileReference; fileEncoding = 4; lastKnownFileType = sourcecode.c.objc; path = FSCalendarCalculator.m; sourceTree = "<group>"; };
		2FB2750B204139BF00E985F9 /* FSCalendarHeaderView.m */ = {isa = PBXFileReference; fileEncoding = 4; lastKnownFileType = sourcecode.c.objc; path = FSCalendarHeaderView.m; sourceTree = "<group>"; };
		2FB2750C204139BF00E985F9 /* FSCalendarStickyHeader.h */ = {isa = PBXFileReference; fileEncoding = 4; lastKnownFileType = sourcecode.c.h; path = FSCalendarStickyHeader.h; sourceTree = "<group>"; };
		2FB2750D204139BF00E985F9 /* FSCalendar.h */ = {isa = PBXFileReference; fileEncoding = 4; lastKnownFileType = sourcecode.c.h; path = FSCalendar.h; sourceTree = "<group>"; };
		2FB2750E204139BF00E985F9 /* FSCalendarCell.h */ = {isa = PBXFileReference; fileEncoding = 4; lastKnownFileType = sourcecode.c.h; path = FSCalendarCell.h; sourceTree = "<group>"; };
		2FB2750F204139BF00E985F9 /* FSCalendarTransitionCoordinator.m */ = {isa = PBXFileReference; fileEncoding = 4; lastKnownFileType = sourcecode.c.objc; path = FSCalendarTransitionCoordinator.m; sourceTree = "<group>"; };
		2FB27510204139BF00E985F9 /* Info.plist */ = {isa = PBXFileReference; fileEncoding = 4; lastKnownFileType = text.plist.xml; path = Info.plist; sourceTree = "<group>"; };
		2FB27511204139BF00E985F9 /* FSCalendarAppearance.m */ = {isa = PBXFileReference; fileEncoding = 4; lastKnownFileType = sourcecode.c.objc; path = FSCalendarAppearance.m; sourceTree = "<group>"; };
		2FB27523204139DD00E985F9 /* FYXCalendar.h */ = {isa = PBXFileReference; lastKnownFileType = sourcecode.c.h; path = FYXCalendar.h; sourceTree = "<group>"; };
		2FB27524204139DD00E985F9 /* FYXCalendar.m */ = {isa = PBXFileReference; lastKnownFileType = sourcecode.c.objc; path = FYXCalendar.m; sourceTree = "<group>"; };
		2FB2752A2044EE1F00E985F9 /* FYXCalendarDataModel.h */ = {isa = PBXFileReference; lastKnownFileType = sourcecode.c.h; path = FYXCalendarDataModel.h; sourceTree = "<group>"; };
		2FB2752B2044EE1F00E985F9 /* FYXCalendarDataModel.m */ = {isa = PBXFileReference; lastKnownFileType = sourcecode.c.objc; path = FYXCalendarDataModel.m; sourceTree = "<group>"; };
		2FC02EE42051305A00EA5F11 /* FYXPageFlowLayout.h */ = {isa = PBXFileReference; lastKnownFileType = sourcecode.c.h; path = FYXPageFlowLayout.h; sourceTree = "<group>"; };
		2FC02EE52051305A00EA5F11 /* FYXPageFlowLayout.m */ = {isa = PBXFileReference; lastKnownFileType = sourcecode.c.objc; path = FYXPageFlowLayout.m; sourceTree = "<group>"; };
		2FE6FDCC2066212500FAA267 /* EventKit.framework */ = {isa = PBXFileReference; lastKnownFileType = wrapper.framework; name = EventKit.framework; path = System/Library/Frameworks/EventKit.framework; sourceTree = SDKROOT; };
		2FE6FDCD2066212500FAA267 /* EventKitUI.framework */ = {isa = PBXFileReference; lastKnownFileType = wrapper.framework; name = EventKitUI.framework; path = System/Library/Frameworks/EventKitUI.framework; sourceTree = SDKROOT; };
/* End PBXFileReference section */

/* Begin PBXFrameworksBuildPhase section */
		2F89B495202D29A700DC6105 /* Frameworks */ = {
			isa = PBXFrameworksBuildPhase;
			buildActionMask = 2147483647;
			files = (
				2FE6FDCE2066212500FAA267 /* EventKit.framework in Frameworks */,
				2FE6FDCF2066212500FAA267 /* EventKitUI.framework in Frameworks */,
			);
			runOnlyForDeploymentPostprocessing = 0;
		};
		2F89B4AD202D29A800DC6105 /* Frameworks */ = {
			isa = PBXFrameworksBuildPhase;
			buildActionMask = 2147483647;
			files = (
			);
			runOnlyForDeploymentPostprocessing = 0;
		};
		2F89B4B8202D29A800DC6105 /* Frameworks */ = {
			isa = PBXFrameworksBuildPhase;
			buildActionMask = 2147483647;
			files = (
			);
			runOnlyForDeploymentPostprocessing = 0;
		};
/* End PBXFrameworksBuildPhase section */

/* Begin PBXGroup section */
		2F011E8320B2AC8000A4801C /* image */ = {
			isa = PBXGroup;
			children = (
				2F011EF520B2B09A00A4801C /* td2__00000.png */,
				2F011F0020B2B09C00A4801C /* td2__00001.png */,
				2F011EFE20B2B09B00A4801C /* td2__00002.png */,
				2F011EF320B2B09900A4801C /* td2__00003.png */,
				2F011EF720B2B09A00A4801C /* td2__00004.png */,
				2F011F1C20B2B0A600A4801C /* td2__00005.png */,
				2F011F1020B2B0A100A4801C /* td2__00006.png */,
				2F011EEE20B2B09800A4801C /* td2__00007.png */,
				2F011EEA20B2B09800A4801C /* td2__00008.png */,
				2F011F1720B2B0A300A4801C /* td2__00009.png */,
				2F011F0420B2B09D00A4801C /* td2__00010.png */,
				2F011EF820B2B09A00A4801C /* td2__00011.png */,
				2F011EEC20B2B09800A4801C /* td2__00012.png */,
				2F011F0B20B2B09F00A4801C /* td2__00013.png */,
				2F011F0E20B2B0A100A4801C /* td2__00014.png */,
				2F011F0520B2B09D00A4801C /* td2__00015.png */,
				2F011F1220B2B0A200A4801C /* td2__00016.png */,
				2F011EF120B2B09900A4801C /* td2__00017.png */,
				2F011F0F20B2B0A100A4801C /* td2__00018.png */,
				2F011F0D20B2B0A000A4801C /* td2__00019.png */,
				2F011EED20B2B09800A4801C /* td2__00020.png */,
				2F011F1320B2B0A200A4801C /* td2__00021.png */,
				2F011F1420B2B0A200A4801C /* td2__00022.png */,
				2F011F1920B2B0A400A4801C /* td2__00023.png */,
				2F011F1B20B2B0A500A4801C /* td2__00024.png */,
				2F011F0120B2B09C00A4801C /* td2__00025.png */,
				2F011EFD20B2B09B00A4801C /* td2__00026.png */,
				2F011F1A20B2B0A500A4801C /* td2__00027.png */,
				2F011EF920B2B09A00A4801C /* td2__00028.png */,
				2F011F0C20B2B0A000A4801C /* td2__00029.png */,
				2F011F0A20B2B09F00A4801C /* td2__00030.png */,
				2F011EEB20B2B09800A4801C /* td2__00031.png */,
				2F011EEF20B2B09800A4801C /* td2__00032.png */,
				2F011F1820B2B0A400A4801C /* td2__00033.png */,
				2F011F1120B2B0A100A4801C /* td2__00034.png */,
				2F011F1520B2B0A300A4801C /* td2__00035.png */,
				2F011F0820B2B09E00A4801C /* td2__00036.png */,
				2F011EF420B2B09900A4801C /* td2__00037.png */,
				2F011EFC20B2B09B00A4801C /* td2__00038.png */,
				2F011F0320B2B09C00A4801C /* td2__00039.png */,
				2F011EF220B2B09900A4801C /* td2__00040.png */,
				2F011EF020B2B09900A4801C /* td2__00041.png */,
				2F011F0620B2B09D00A4801C /* td2__00042.png */,
				2F011F0220B2B09C00A4801C /* td2__00043.png */,
				2F011F0720B2B09E00A4801C /* td2__00044.png */,
				2F011EFB20B2B09B00A4801C /* td2__00045.png */,
				2F011F1620B2B0A300A4801C /* td2__00046.png */,
				2F011EFA20B2B09B00A4801C /* td2__00047.png */,
				2F011EFF20B2B09B00A4801C /* td2__00048.png */,
				2F011F0920B2B09E00A4801C /* td2__00049.png */,
				2F011EF620B2B09A00A4801C /* td2__00050.png */,
			);
			path = image;
			sourceTree = "<group>";
		};
		2F61034D204E223000535AD8 /* FYXSideMenu */ = {
			isa = PBXGroup;
			children = (
				2F011E8320B2AC8000A4801C /* image */,
				2F61034E204E226600535AD8 /* FYXSideMenu.h */,
				2F61034F204E226600535AD8 /* FYXSideMenu.m */,
				2F2B2347205B52D5005A9C33 /* UIView+GlowView.h */,
				2F2B2346205B52D5005A9C33 /* UIView+GlowView.m */,
				2F2B234B205B5E02005A9C33 /* light.png */,
			);
			path = FYXSideMenu;
			sourceTree = "<group>";
		};
		2F610351204E73A300535AD8 /* FYXPageFlow */ = {
			isa = PBXGroup;
			children = (
				2F610352204E73FF00535AD8 /* FYXPageFlow.h */,
				2F610353204E73FF00535AD8 /* FYXPageFlow.m */,
				2FC02EE42051305A00EA5F11 /* FYXPageFlowLayout.h */,
				2FC02EE52051305A00EA5F11 /* FYXPageFlowLayout.m */,
			);
			path = FYXPageFlow;
			sourceTree = "<group>";
		};
		2F85742D20561DF4003D1518 /* FYXCheckAnimation */ = {
			isa = PBXGroup;
			children = (
				2F85742E20561E26003D1518 /* FYXCheckView.h */,
				2F85742F20561E26003D1518 /* FYXCheckView.m */,
			);
			path = FYXCheckAnimation;
			sourceTree = "<group>";
		};
		2F85743720564C96003D1518 /* FYXLoadingHud */ = {
			isa = PBXGroup;
			children = (
				2F85743820564D1D003D1518 /* FYXLoadingHud.h */,
				2F85743920564D1D003D1518 /* FYXLoadingHud.m */,
			);
			path = FYXLoadingHud;
			sourceTree = "<group>";
		};
		2F86FE77203E543100994707 /* FYXButton */ = {
			isa = PBXGroup;
			children = (
				2FB274E6203FE51500E985F9 /* FYXButton.h */,
				2FB274E7203FE51500E985F9 /* FYXButton.m */,
			);
			path = FYXButton;
			sourceTree = "<group>";
		};
		2F89B48F202D29A700DC6105 = {
			isa = PBXGroup;
			children = (
				2F92794C207DB38A00E7FF9E /* FYXActionSheet */,
				2F85743720564C96003D1518 /* FYXLoadingHud */,
				2F85742D20561DF4003D1518 /* FYXCheckAnimation */,
				2F610351204E73A300535AD8 /* FYXPageFlow */,
				2F61034D204E223000535AD8 /* FYXSideMenu */,
				2FB274EF2041362800E985F9 /* FYXCalendar */,
				2FB274EB203FF90200E985F9 /* FYXTextfield */,
				2FB274DB203FB8AE00E985F9 /* FYXToast */,
				2F86FE77203E543100994707 /* FYXButton */,
				2F89B4CD202D29B300DC6105 /* FYXAlert */,
				2F89B49A202D29A700DC6105 /* FYXComponent */,
				2F89B4B3202D29A800DC6105 /* FYXComponentTests */,
				2F89B4BE202D29A800DC6105 /* FYXComponentUITests */,
				2F89B499202D29A700DC6105 /* Products */,
				2FE6FDCB2066212400FAA267 /* Frameworks */,
			);
			sourceTree = "<group>";
		};
		2F89B499202D29A700DC6105 /* Products */ = {
			isa = PBXGroup;
			children = (
				2F89B498202D29A700DC6105 /* FYXComponent.app */,
				2F89B4B0202D29A800DC6105 /* FYXComponentTests.xctest */,
				2F89B4BB202D29A800DC6105 /* FYXComponentUITests.xctest */,
			);
			name = Products;
			sourceTree = "<group>";
		};
		2F89B49A202D29A700DC6105 /* FYXComponent */ = {
			isa = PBXGroup;
			children = (
				2F89B49B202D29A700DC6105 /* AppDelegate.h */,
				2F89B49C202D29A700DC6105 /* AppDelegate.m */,
				2F89B49E202D29A700DC6105 /* ViewController.h */,
				2F89B49F202D29A700DC6105 /* ViewController.m */,
				2F3957442064E3FF00D6137F /* call.png */,
				2F3957422064E3FA00D6137F /* link.png */,
				2F17563A205B981900FAD966 /* safeLight.png */,
				2F17563E205B9ECE00FAD966 /* full.png */,
				2F39573E2064B86100D6137F /* idle.png */,
				2F3957492064F18B00D6137F /* vin.png */,
				2F2B233D205A6D99005A9C33 /* close_red.png */,
				2F2B2349205B599E005A9C33 /* lightView.png */,
				2F3957402064E3F500D6137F /* copy.png */,
				2F2B233B205A64A9005A9C33 /* checkView.png */,
				2F89B4A1202D29A700DC6105 /* Main.storyboard */,
				2F89B4A4202D29A700DC6105 /* Assets.xcassets */,
				2F89B4A6202D29A700DC6105 /* LaunchScreen.storyboard */,
				2F89B4A9202D29A700DC6105 /* Info.plist */,
				2F89B4AA202D29A700DC6105 /* main.m */,
				2F85742720560998003D1518 /* CalendarViewController.h */,
				2F85742820560998003D1518 /* CalendarViewController.m */,
				2F85742A2056160C003D1518 /* PageFlowViewController.h */,
				2F85742B2056160C003D1518 /* PageFlowViewController.m */,
				2F8574312056200F003D1518 /* CheckAnimationViewController.h */,
				2F8574322056200F003D1518 /* CheckAnimationViewController.m */,
				2F85743B20567BCC003D1518 /* HUdViewController.h */,
				2F85743C20567BCC003D1518 /* HUdViewController.m */,
				2F3957462064EF4C00D6137F /* VinView.h */,
				2F3957472064EF4C00D6137F /* VinView.m */,
				2F39574B2064F5C500D6137F /* VinViewController.h */,
				2F39574C2064F5C500D6137F /* VinViewController.m */,
			);
			path = FYXComponent;
			sourceTree = "<group>";
		};
		2F89B4B3202D29A800DC6105 /* FYXComponentTests */ = {
			isa = PBXGroup;
			children = (
				2F89B4B4202D29A800DC6105 /* FYXComponentTests.m */,
				2F89B4B6202D29A800DC6105 /* Info.plist */,
			);
			path = FYXComponentTests;
			sourceTree = "<group>";
		};
		2F89B4BE202D29A800DC6105 /* FYXComponentUITests */ = {
			isa = PBXGroup;
			children = (
				2F89B4BF202D29A800DC6105 /* FYXComponentUITests.m */,
				2F89B4C1202D29A800DC6105 /* Info.plist */,
			);
			path = FYXComponentUITests;
			sourceTree = "<group>";
		};
		2F89B4CD202D29B300DC6105 /* FYXAlert */ = {
			isa = PBXGroup;
			children = (
				2F408BAF20664B35003DC340 /* UILabel+YBAttributeTextTapAction.h */,
				2F408BAE20664B35003DC340 /* UILabel+YBAttributeTextTapAction.m */,
				2F89B4CE202D29E400DC6105 /* FYXAlertView.h */,
				2F89B4CF202D29E400DC6105 /* FYXAlertView.m */,
				2F39573820622ACF00D6137F /* bubble.png */,
				2F86FE78203E6BA600994707 /* sure.png */,
				2F39573C2064AC9500D6137F /* card.png */,
				2F39573A2064A71B00D6137F /* close.png */,
			);
			path = FYXAlert;
			sourceTree = "<group>";
		};
		2F92794C207DB38A00E7FF9E /* FYXActionSheet */ = {
			isa = PBXGroup;
			children = (
				2F92794D207DB3D800E7FF9E /* FYXActionSheet.h */,
				2F92794E207DB3D800E7FF9E /* FYXActionSheet.m */,
			);
			path = FYXActionSheet;
			sourceTree = "<group>";
		};
		2FB274DB203FB8AE00E985F9 /* FYXToast */ = {
			isa = PBXGroup;
			children = (
				2FB274DF203FBB4600E985F9 /* FYXToast.h */,
				2FB274E0203FBB4600E985F9 /* FYXToast.m */,
				2F39574E2064FFD800D6137F /* success.png */,
			);
			path = FYXToast;
			sourceTree = "<group>";
		};
		2FB274EB203FF90200E985F9 /* FYXTextfield */ = {
			isa = PBXGroup;
			children = (
				2FB274EC203FF98000E985F9 /* FYXTextField.h */,
				2FB274ED203FF98000E985F9 /* FYXTextField.m */,
			);
			path = FYXTextfield;
			sourceTree = "<group>";
		};
		2FB274EF2041362800E985F9 /* FYXCalendar */ = {
			isa = PBXGroup;
			children = (
				2FB274F0204139BF00E985F9 /* FSCalendar */,
				2FB27523204139DD00E985F9 /* FYXCalendar.h */,
				2FB27524204139DD00E985F9 /* FYXCalendar.m */,
				2F011F6820B7A3EE00A4801C /* prev.png */,
				2F011F6620B7A2EB00A4801C /* next.png */,
				2FB2752A2044EE1F00E985F9 /* FYXCalendarDataModel.h */,
				2FB2752B2044EE1F00E985F9 /* FYXCalendarDataModel.m */,
			);
			path = FYXCalendar;
			sourceTree = "<group>";
		};
		2FB274F0204139BF00E985F9 /* FSCalendar */ = {
			isa = PBXGroup;
			children = (
				2FB274F1204139BF00E985F9 /* FSCalendarCollectionView.m */,
				2FB274F2204139BF00E985F9 /* FSCalendarWeekdayView.h */,
				2FB274F3204139BF00E985F9 /* FSCalendarCollectionViewLayout.h */,
				2FB274F4204139BF00E985F9 /* FSCalendarScopeHandle.h */,
				2FB274F5204139BF00E985F9 /* FSCalendarDelegationProxy.m */,
				2FB274F6204139BF00E985F9 /* FSCalendarExtensions.h */,
				2FB274F7204139BF00E985F9 /* FSCalendarDelegationFactory.m */,
				2FB274F8204139BF00E985F9 /* FSCalendarCalculator.h */,
				2FB274F9204139BF00E985F9 /* FSCalendarHeaderView.h */,
				2FB274FA204139BF00E985F9 /* FSCalendarConstants.h */,
				2FB274FB204139BF00E985F9 /* FSCalendarAppearance.h */,
				2FB274FC204139BF00E985F9 /* FSCalendarTransitionCoordinator.h */,
				2FB274FD204139BF00E985F9 /* FSCalendarCell.m */,
				2FB274FE204139BF00E985F9 /* FSCalendarStickyHeader.m */,
				2FB274FF204139BF00E985F9 /* FSCalendar.m */,
				2FB27500204139BF00E985F9 /* FSCalendarCollectionViewLayout.m */,
				2FB27501204139BF00E985F9 /* FSCalendarScopeHandle.m */,
				2FB27502204139BF00E985F9 /* FSCalendarWeekdayView.m */,
				2FB27503204139BF00E985F9 /* FSCalendarCollectionView.h */,
				2FB27504204139BF00E985F9 /* FSCalendarDynamicHeader.h */,
				2FB27505204139BF00E985F9 /* FSCalendarDelegationFactory.h */,
				2FB27506204139BF00E985F9 /* FSCalendarExtensions.m */,
				2FB27507204139BF00E985F9 /* FSCalendarDelegationProxy.h */,
				2FB27508204139BF00E985F9 /* FSCalendar+Deprecated.m */,
				2FB27509204139BF00E985F9 /* FSCalendarConstants.m */,
				2FB2750A204139BF00E985F9 /* FSCalendarCalculator.m */,
				2FB2750B204139BF00E985F9 /* FSCalendarHeaderView.m */,
				2FB2750C204139BF00E985F9 /* FSCalendarStickyHeader.h */,
				2FB2750D204139BF00E985F9 /* FSCalendar.h */,
				2FB2750E204139BF00E985F9 /* FSCalendarCell.h */,
				2FB2750F204139BF00E985F9 /* FSCalendarTransitionCoordinator.m */,
				2FB27510204139BF00E985F9 /* Info.plist */,
				2FB27511204139BF00E985F9 /* FSCalendarAppearance.m */,
			);
			path = FSCalendar;
			sourceTree = "<group>";
		};
		2FE6FDCB2066212400FAA267 /* Frameworks */ = {
			isa = PBXGroup;
			children = (
				2FE6FDCC2066212500FAA267 /* EventKit.framework */,
				2FE6FDCD2066212500FAA267 /* EventKitUI.framework */,
			);
			name = Frameworks;
			sourceTree = "<group>";
		};
/* End PBXGroup section */

/* Begin PBXNativeTarget section */
		2F89B497202D29A700DC6105 /* FYXComponent */ = {
			isa = PBXNativeTarget;
			buildConfigurationList = 2F89B4C4202D29A800DC6105 /* Build configuration list for PBXNativeTarget "FYXComponent" */;
			buildPhases = (
				2F89B494202D29A700DC6105 /* Sources */,
				2F89B495202D29A700DC6105 /* Frameworks */,
				2F89B496202D29A700DC6105 /* Resources */,
			);
			buildRules = (
			);
			dependencies = (
			);
			name = FYXComponent;
			productName = FYXComponent;
			productReference = 2F89B498202D29A700DC6105 /* FYXComponent.app */;
			productType = "com.apple.product-type.application";
		};
		2F89B4AF202D29A800DC6105 /* FYXComponentTests */ = {
			isa = PBXNativeTarget;
			buildConfigurationList = 2F89B4C7202D29A800DC6105 /* Build configuration list for PBXNativeTarget "FYXComponentTests" */;
			buildPhases = (
				2F89B4AC202D29A800DC6105 /* Sources */,
				2F89B4AD202D29A800DC6105 /* Frameworks */,
				2F89B4AE202D29A800DC6105 /* Resources */,
			);
			buildRules = (
			);
			dependencies = (
				2F89B4B2202D29A800DC6105 /* PBXTargetDependency */,
			);
			name = FYXComponentTests;
			productName = FYXComponentTests;
			productReference = 2F89B4B0202D29A800DC6105 /* FYXComponentTests.xctest */;
			productType = "com.apple.product-type.bundle.unit-test";
		};
		2F89B4BA202D29A800DC6105 /* FYXComponentUITests */ = {
			isa = PBXNativeTarget;
			buildConfigurationList = 2F89B4CA202D29A800DC6105 /* Build configuration list for PBXNativeTarget "FYXComponentUITests" */;
			buildPhases = (
				2F89B4B7202D29A800DC6105 /* Sources */,
				2F89B4B8202D29A800DC6105 /* Frameworks */,
				2F89B4B9202D29A800DC6105 /* Resources */,
			);
			buildRules = (
			);
			dependencies = (
				2F89B4BD202D29A800DC6105 /* PBXTargetDependency */,
			);
			name = FYXComponentUITests;
			productName = FYXComponentUITests;
			productReference = 2F89B4BB202D29A800DC6105 /* FYXComponentUITests.xctest */;
			productType = "com.apple.product-type.bundle.ui-testing";
		};
/* End PBXNativeTarget section */

/* Begin PBXProject section */
		2F89B490202D29A700DC6105 /* Project object */ = {
			isa = PBXProject;
			attributes = {
				LastUpgradeCheck = 0920;
				ORGANIZATIONNAME = "欧阳云慧";
				TargetAttributes = {
					2F89B497202D29A700DC6105 = {
						CreatedOnToolsVersion = 9.2;
						ProvisioningStyle = Automatic;
					};
					2F89B4AF202D29A800DC6105 = {
						CreatedOnToolsVersion = 9.2;
						ProvisioningStyle = Automatic;
						TestTargetID = 2F89B497202D29A700DC6105;
					};
					2F89B4BA202D29A800DC6105 = {
						CreatedOnToolsVersion = 9.2;
						ProvisioningStyle = Automatic;
						TestTargetID = 2F89B497202D29A700DC6105;
					};
				};
			};
			buildConfigurationList = 2F89B493202D29A700DC6105 /* Build configuration list for PBXProject "FYXComponent" */;
			compatibilityVersion = "Xcode 8.0";
			developmentRegion = en;
			hasScannedForEncodings = 0;
			knownRegions = (
				en,
				Base,
			);
			mainGroup = 2F89B48F202D29A700DC6105;
			productRefGroup = 2F89B499202D29A700DC6105 /* Products */;
			projectDirPath = "";
			projectRoot = "";
			targets = (
				2F89B497202D29A700DC6105 /* FYXComponent */,
				2F89B4AF202D29A800DC6105 /* FYXComponentTests */,
				2F89B4BA202D29A800DC6105 /* FYXComponentUITests */,
			);
		};
/* End PBXProject section */

/* Begin PBXResourcesBuildPhase section */
		2F89B496202D29A700DC6105 /* Resources */ = {
			isa = PBXResourcesBuildPhase;
			buildActionMask = 2147483647;
			files = (
				2F011F3B20B2B0A600A4801C /* td2__00036.png in Resources */,
				2F011F3420B2B0A600A4801C /* td2__00025.png in Resources */,
				2F89B4A8202D29A700DC6105 /* LaunchScreen.storyboard in Resources */,
				2F39573F2064B86200D6137F /* idle.png in Resources */,
				2F011F4D20B2B0A600A4801C /* td2__00027.png in Resources */,
				2F011F3120B2B0A600A4801C /* td2__00002.png in Resources */,
				2F011F2E20B2B0A600A4801C /* td2__00045.png in Resources */,
				2F011F3620B2B0A600A4801C /* td2__00039.png in Resources */,
				2F011F2220B2B0A600A4801C /* td2__00032.png in Resources */,
				2F011F4B20B2B0A600A4801C /* td2__00033.png in Resources */,
				2F39573D2064AC9500D6137F /* card.png in Resources */,
				2F011F1D20B2B0A600A4801C /* td2__00008.png in Resources */,
				2F011F2120B2B0A600A4801C /* td2__00007.png in Resources */,
				2F011F2320B2B0A600A4801C /* td2__00041.png in Resources */,
				2F011F4520B2B0A600A4801C /* td2__00016.png in Resources */,
				2F011F6720B7A2EB00A4801C /* next.png in Resources */,
				2F011F2B20B2B0A600A4801C /* td2__00011.png in Resources */,
				2F86FE79203E6BA600994707 /* sure.png in Resources */,
				2F2B233C205A64A9005A9C33 /* checkView.png in Resources */,
				2F3957412064E3F500D6137F /* copy.png in Resources */,
				2F39573920622ACF00D6137F /* bubble.png in Resources */,
				2F011F3020B2B0A600A4801C /* td2__00026.png in Resources */,
				2F011F4320B2B0A600A4801C /* td2__00006.png in Resources */,
				2F89B4A5202D29A700DC6105 /* Assets.xcassets in Resources */,
				2F011F4420B2B0A600A4801C /* td2__00034.png in Resources */,
				2F011F2920B2B0A600A4801C /* td2__00050.png in Resources */,
				2F39573B2064A71B00D6137F /* close.png in Resources */,
				2F011F4220B2B0A600A4801C /* td2__00018.png in Resources */,
				2F011F4A20B2B0A600A4801C /* td2__00009.png in Resources */,
				2F011F3F20B2B0A600A4801C /* td2__00029.png in Resources */,
				2F011F4820B2B0A600A4801C /* td2__00035.png in Resources */,
				2F011F4F20B2B0A600A4801C /* td2__00005.png in Resources */,
				2F011F4720B2B0A600A4801C /* td2__00022.png in Resources */,
				2F39574A2064F18C00D6137F /* vin.png in Resources */,
				2F011F4C20B2B0A600A4801C /* td2__00023.png in Resources */,
				2F011F2520B2B0A600A4801C /* td2__00040.png in Resources */,
				2F011F3220B2B0A600A4801C /* td2__00048.png in Resources */,
				2F2B233E205A6D99005A9C33 /* close_red.png in Resources */,
				2F011F4920B2B0A600A4801C /* td2__00046.png in Resources */,
				2F011F2F20B2B0A600A4801C /* td2__00038.png in Resources */,
				2F011F1E20B2B0A600A4801C /* td2__00031.png in Resources */,
				2F011F2420B2B0A600A4801C /* td2__00017.png in Resources */,
				2F011F2720B2B0A600A4801C /* td2__00037.png in Resources */,
				2F011F3C20B2B0A600A4801C /* td2__00049.png in Resources */,
				2F17563F205B9ECE00FAD966 /* full.png in Resources */,
				2F011F3520B2B0A600A4801C /* td2__00043.png in Resources */,
				2F011F4020B2B0A600A4801C /* td2__00019.png in Resources */,
				2F3957432064E3FA00D6137F /* link.png in Resources */,
				2F011F1F20B2B0A600A4801C /* td2__00012.png in Resources */,
				2F011F2A20B2B0A600A4801C /* td2__00004.png in Resources */,
				2F3957452064E40000D6137F /* call.png in Resources */,
				2F89B4A3202D29A700DC6105 /* Main.storyboard in Resources */,
				2F2B234C205B5E03005A9C33 /* light.png in Resources */,
				2F2B234A205B599E005A9C33 /* lightView.png in Resources */,
				2F17563B205B981900FAD966 /* safeLight.png in Resources */,
				2F011F3320B2B0A600A4801C /* td2__00001.png in Resources */,
				2F011F2620B2B0A600A4801C /* td2__00003.png in Resources */,
				2F011F2020B2B0A600A4801C /* td2__00020.png in Resources */,
				2F011F3E20B2B0A600A4801C /* td2__00013.png in Resources */,
				2F011F3720B2B0A600A4801C /* td2__00010.png in Resources */,
				2F39574F2064FFD800D6137F /* success.png in Resources */,
				2F011F3D20B2B0A600A4801C /* td2__00030.png in Resources */,
				2F011F3A20B2B0A600A4801C /* td2__00044.png in Resources */,
				2F011F4E20B2B0A600A4801C /* td2__00024.png in Resources */,
				2FB27521204139BF00E985F9 /* Info.plist in Resources */,
				2F011F3920B2B0A600A4801C /* td2__00042.png in Resources */,
				2F011F2820B2B0A600A4801C /* td2__00000.png in Resources */,
				2F011F3820B2B0A600A4801C /* td2__00015.png in Resources */,
				2F011F6920B7A3EE00A4801C /* prev.png in Resources */,
				2F011F4620B2B0A600A4801C /* td2__00021.png in Resources */,
				2F011F4120B2B0A600A4801C /* td2__00014.png in Resources */,
				2F011F2C20B2B0A600A4801C /* td2__00028.png in Resources */,
				2F011F2D20B2B0A600A4801C /* td2__00047.png in Resources */,
			);
			runOnlyForDeploymentPostprocessing = 0;
		};
		2F89B4AE202D29A800DC6105 /* Resources */ = {
			isa = PBXResourcesBuildPhase;
			buildActionMask = 2147483647;
			files = (
			);
			runOnlyForDeploymentPostprocessing = 0;
		};
		2F89B4B9202D29A800DC6105 /* Resources */ = {
			isa = PBXResourcesBuildPhase;
			buildActionMask = 2147483647;
			files = (
			);
			runOnlyForDeploymentPostprocessing = 0;
		};
/* End PBXResourcesBuildPhase section */

/* Begin PBXSourcesBuildPhase section */
		2F89B494202D29A700DC6105 /* Sources */ = {
			isa = PBXSourcesBuildPhase;
			buildActionMask = 2147483647;
			files = (
				2F89B4A0202D29A700DC6105 /* ViewController.m in Sources */,
				2FB274E8203FE51500E985F9 /* FYXButton.m in Sources */,
				2FB27519204139BF00E985F9 /* FSCalendarScopeHandle.m in Sources */,
				2FB27518204139BF00E985F9 /* FSCalendarCollectionViewLayout.m in Sources */,
				2FB27517204139BF00E985F9 /* FSCalendar.m in Sources */,
				2F85742C2056160C003D1518 /* PageFlowViewController.m in Sources */,
				2FB274EE203FF98000E985F9 /* FYXTextField.m in Sources */,
				2F610354204E73FF00535AD8 /* FYXPageFlow.m in Sources */,
				2F85743D20567BCC003D1518 /* HUdViewController.m in Sources */,
				2FB2751E204139BF00E985F9 /* FSCalendarCalculator.m in Sources */,
				2FB2751F204139BF00E985F9 /* FSCalendarHeaderView.m in Sources */,
				2FB27514204139BF00E985F9 /* FSCalendarDelegationFactory.m in Sources */,
				2FB27525204139DD00E985F9 /* FYXCalendar.m in Sources */,
				2FB27522204139BF00E985F9 /* FSCalendarAppearance.m in Sources */,
				2FB2751D204139BF00E985F9 /* FSCalendarConstants.m in Sources */,
				2F85743020561E26003D1518 /* FYXCheckView.m in Sources */,
				2FB2751C204139BF00E985F9 /* FSCalendar+Deprecated.m in Sources */,
				2F89B4AB202D29A700DC6105 /* main.m in Sources */,
				2F89B49D202D29A700DC6105 /* AppDelegate.m in Sources */,
				2F408BB020664B35003DC340 /* UILabel+YBAttributeTextTapAction.m in Sources */,
				2F89B4D0202D29E400DC6105 /* FYXAlertView.m in Sources */,
				2F3957482064EF4C00D6137F /* VinView.m in Sources */,
				2F85743A20564D1D003D1518 /* FYXLoadingHud.m in Sources */,
				2F92794F207DB3D800E7FF9E /* FYXActionSheet.m in Sources */,
				2FB2751A204139BF00E985F9 /* FSCalendarWeekdayView.m in Sources */,
				2FB2751B204139BF00E985F9 /* FSCalendarExtensions.m in Sources */,
				2F2B2348205B52D6005A9C33 /* UIView+GlowView.m in Sources */,
				2F39574D2064F5C500D6137F /* VinViewController.m in Sources */,
				2FB27513204139BF00E985F9 /* FSCalendarDelegationProxy.m in Sources */,
				2F8574332056200F003D1518 /* CheckAnimationViewController.m in Sources */,
				2F610350204E226600535AD8 /* FYXSideMenu.m in Sources */,
				2FB27515204139BF00E985F9 /* FSCalendarCell.m in Sources */,
				2FB274E1203FBB4600E985F9 /* FYXToast.m in Sources */,
				2FB27516204139BF00E985F9 /* FSCalendarStickyHeader.m in Sources */,
				2F85742920560998003D1518 /* CalendarViewController.m in Sources */,
				2FC02EE62051305A00EA5F11 /* FYXPageFlowLayout.m in Sources */,
				2FB2752C2044EE1F00E985F9 /* FYXCalendarDataModel.m in Sources */,
				2FB27520204139BF00E985F9 /* FSCalendarTransitionCoordinator.m in Sources */,
				2FB27512204139BF00E985F9 /* FSCalendarCollectionView.m in Sources */,
			);
			runOnlyForDeploymentPostprocessing = 0;
		};
		2F89B4AC202D29A800DC6105 /* Sources */ = {
			isa = PBXSourcesBuildPhase;
			buildActionMask = 2147483647;
			files = (
				2F89B4B5202D29A800DC6105 /* FYXComponentTests.m in Sources */,
			);
			runOnlyForDeploymentPostprocessing = 0;
		};
		2F89B4B7202D29A800DC6105 /* Sources */ = {
			isa = PBXSourcesBuildPhase;
			buildActionMask = 2147483647;
			files = (
				2F89B4C0202D29A800DC6105 /* FYXComponentUITests.m in Sources */,
			);
			runOnlyForDeploymentPostprocessing = 0;
		};
/* End PBXSourcesBuildPhase section */

/* Begin PBXTargetDependency section */
		2F89B4B2202D29A800DC6105 /* PBXTargetDependency */ = {
			isa = PBXTargetDependency;
			target = 2F89B497202D29A700DC6105 /* FYXComponent */;
			targetProxy = 2F89B4B1202D29A800DC6105 /* PBXContainerItemProxy */;
		};
		2F89B4BD202D29A800DC6105 /* PBXTargetDependency */ = {
			isa = PBXTargetDependency;
			target = 2F89B497202D29A700DC6105 /* FYXComponent */;
			targetProxy = 2F89B4BC202D29A800DC6105 /* PBXContainerItemProxy */;
		};
/* End PBXTargetDependency section */

/* Begin PBXVariantGroup section */
		2F89B4A1202D29A700DC6105 /* Main.storyboard */ = {
			isa = PBXVariantGroup;
			children = (
				2F89B4A2202D29A700DC6105 /* Base */,
			);
			name = Main.storyboard;
			sourceTree = "<group>";
		};
		2F89B4A6202D29A700DC6105 /* LaunchScreen.storyboard */ = {
			isa = PBXVariantGroup;
			children = (
				2F89B4A7202D29A700DC6105 /* Base */,
			);
			name = LaunchScreen.storyboard;
			sourceTree = "<group>";
		};
/* End PBXVariantGroup section */

/* Begin XCBuildConfiguration section */
		2F89B4C2202D29A800DC6105 /* Debug */ = {
			isa = XCBuildConfiguration;
			buildSettings = {
				ALWAYS_SEARCH_USER_PATHS = NO;
				CLANG_ANALYZER_NONNULL = YES;
				CLANG_ANALYZER_NUMBER_OBJECT_CONVERSION = YES_AGGRESSIVE;
				CLANG_CXX_LANGUAGE_STANDARD = "gnu++14";
				CLANG_CXX_LIBRARY = "libc++";
				CLANG_ENABLE_MODULES = YES;
				CLANG_ENABLE_OBJC_ARC = YES;
				CLANG_WARN_BLOCK_CAPTURE_AUTORELEASING = YES;
				CLANG_WARN_BOOL_CONVERSION = YES;
				CLANG_WARN_COMMA = YES;
				CLANG_WARN_CONSTANT_CONVERSION = YES;
				CLANG_WARN_DIRECT_OBJC_ISA_USAGE = YES_ERROR;
				CLANG_WARN_DOCUMENTATION_COMMENTS = YES;
				CLANG_WARN_EMPTY_BODY = YES;
				CLANG_WARN_ENUM_CONVERSION = YES;
				CLANG_WARN_INFINITE_RECURSION = YES;
				CLANG_WARN_INT_CONVERSION = YES;
				CLANG_WARN_NON_LITERAL_NULL_CONVERSION = YES;
				CLANG_WARN_OBJC_LITERAL_CONVERSION = YES;
				CLANG_WARN_OBJC_ROOT_CLASS = YES_ERROR;
				CLANG_WARN_RANGE_LOOP_ANALYSIS = YES;
				CLANG_WARN_STRICT_PROTOTYPES = YES;
				CLANG_WARN_SUSPICIOUS_MOVE = YES;
				CLANG_WARN_UNGUARDED_AVAILABILITY = YES_AGGRESSIVE;
				CLANG_WARN_UNREACHABLE_CODE = YES;
				CLANG_WARN__DUPLICATE_METHOD_MATCH = YES;
				CODE_SIGN_IDENTITY = "iPhone Developer";
				COPY_PHASE_STRIP = NO;
				DEBUG_INFORMATION_FORMAT = dwarf;
				ENABLE_STRICT_OBJC_MSGSEND = YES;
				ENABLE_TESTABILITY = YES;
				GCC_C_LANGUAGE_STANDARD = gnu11;
				GCC_DYNAMIC_NO_PIC = NO;
				GCC_NO_COMMON_BLOCKS = YES;
				GCC_OPTIMIZATION_LEVEL = 0;
				GCC_PREPROCESSOR_DEFINITIONS = (
					"DEBUG=1",
					"$(inherited)",
				);
				GCC_WARN_64_TO_32_BIT_CONVERSION = YES;
				GCC_WARN_ABOUT_RETURN_TYPE = YES_ERROR;
				GCC_WARN_UNDECLARED_SELECTOR = YES;
				GCC_WARN_UNINITIALIZED_AUTOS = YES_AGGRESSIVE;
				GCC_WARN_UNUSED_FUNCTION = YES;
				GCC_WARN_UNUSED_VARIABLE = YES;
				IPHONEOS_DEPLOYMENT_TARGET = 11.2;
				MTL_ENABLE_DEBUG_INFO = YES;
				ONLY_ACTIVE_ARCH = YES;
				SDKROOT = iphoneos;
			};
			name = Debug;
		};
		2F89B4C3202D29A800DC6105 /* Release */ = {
			isa = XCBuildConfiguration;
			buildSettings = {
				ALWAYS_SEARCH_USER_PATHS = NO;
				CLANG_ANALYZER_NONNULL = YES;
				CLANG_ANALYZER_NUMBER_OBJECT_CONVERSION = YES_AGGRESSIVE;
				CLANG_CXX_LANGUAGE_STANDARD = "gnu++14";
				CLANG_CXX_LIBRARY = "libc++";
				CLANG_ENABLE_MODULES = YES;
				CLANG_ENABLE_OBJC_ARC = YES;
				CLANG_WARN_BLOCK_CAPTURE_AUTORELEASING = YES;
				CLANG_WARN_BOOL_CONVERSION = YES;
				CLANG_WARN_COMMA = YES;
				CLANG_WARN_CONSTANT_CONVERSION = YES;
				CLANG_WARN_DIRECT_OBJC_ISA_USAGE = YES_ERROR;
				CLANG_WARN_DOCUMENTATION_COMMENTS = YES;
				CLANG_WARN_EMPTY_BODY = YES;
				CLANG_WARN_ENUM_CONVERSION = YES;
				CLANG_WARN_INFINITE_RECURSION = YES;
				CLANG_WARN_INT_CONVERSION = YES;
				CLANG_WARN_NON_LITERAL_NULL_CONVERSION = YES;
				CLANG_WARN_OBJC_LITERAL_CONVERSION = YES;
				CLANG_WARN_OBJC_ROOT_CLASS = YES_ERROR;
				CLANG_WARN_RANGE_LOOP_ANALYSIS = YES;
				CLANG_WARN_STRICT_PROTOTYPES = YES;
				CLANG_WARN_SUSPICIOUS_MOVE = YES;
				CLANG_WARN_UNGUARDED_AVAILABILITY = YES_AGGRESSIVE;
				CLANG_WARN_UNREACHABLE_CODE = YES;
				CLANG_WARN__DUPLICATE_METHOD_MATCH = YES;
				CODE_SIGN_IDENTITY = "iPhone Developer";
				COPY_PHASE_STRIP = NO;
				DEBUG_INFORMATION_FORMAT = "dwarf-with-dsym";
				ENABLE_NS_ASSERTIONS = NO;
				ENABLE_STRICT_OBJC_MSGSEND = YES;
				GCC_C_LANGUAGE_STANDARD = gnu11;
				GCC_NO_COMMON_BLOCKS = YES;
				GCC_WARN_64_TO_32_BIT_CONVERSION = YES;
				GCC_WARN_ABOUT_RETURN_TYPE = YES_ERROR;
				GCC_WARN_UNDECLARED_SELECTOR = YES;
				GCC_WARN_UNINITIALIZED_AUTOS = YES_AGGRESSIVE;
				GCC_WARN_UNUSED_FUNCTION = YES;
				GCC_WARN_UNUSED_VARIABLE = YES;
				IPHONEOS_DEPLOYMENT_TARGET = 11.2;
				MTL_ENABLE_DEBUG_INFO = NO;
				SDKROOT = iphoneos;
				VALIDATE_PRODUCT = YES;
			};
			name = Release;
		};
		2F89B4C5202D29A800DC6105 /* Debug */ = {
			isa = XCBuildConfiguration;
			buildSettings = {
				ASSETCATALOG_COMPILER_APPICON_NAME = AppIcon;
				CODE_SIGN_STYLE = Automatic;
				DEVELOPMENT_TEAM = SU246845TG;
				INFOPLIST_FILE = FYXComponent/Info.plist;
				LD_RUNPATH_SEARCH_PATHS = "$(inherited) @executable_path/Frameworks";
				PRODUCT_BUNDLE_IDENTIFIER = com.rickYun.FYXComponent;
				PRODUCT_NAME = "$(TARGET_NAME)";
				TARGETED_DEVICE_FAMILY = "1,2";
			};
			name = Debug;
		};
		2F89B4C6202D29A800DC6105 /* Release */ = {
			isa = XCBuildConfiguration;
			buildSettings = {
				ASSETCATALOG_COMPILER_APPICON_NAME = AppIcon;
				CODE_SIGN_STYLE = Automatic;
				DEVELOPMENT_TEAM = SU246845TG;
				INFOPLIST_FILE = FYXComponent/Info.plist;
				LD_RUNPATH_SEARCH_PATHS = "$(inherited) @executable_path/Frameworks";
				PRODUCT_BUNDLE_IDENTIFIER = com.rickYun.FYXComponent;
				PRODUCT_NAME = "$(TARGET_NAME)";
				TARGETED_DEVICE_FAMILY = "1,2";
			};
			name = Release;
		};
		2F89B4C8202D29A800DC6105 /* Debug */ = {
			isa = XCBuildConfiguration;
			buildSettings = {
				BUNDLE_LOADER = "$(TEST_HOST)";
				CODE_SIGN_STYLE = Automatic;
				DEVELOPMENT_TEAM = SU246845TG;
				INFOPLIST_FILE = FYXComponentTests/Info.plist;
				LD_RUNPATH_SEARCH_PATHS = "$(inherited) @executable_path/Frameworks @loader_path/Frameworks";
				PRODUCT_BUNDLE_IDENTIFIER = com.rickYun.FYXComponentTests;
				PRODUCT_NAME = "$(TARGET_NAME)";
				TARGETED_DEVICE_FAMILY = "1,2";
				TEST_HOST = "$(BUILT_PRODUCTS_DIR)/FYXComponent.app/FYXComponent";
			};
			name = Debug;
		};
		2F89B4C9202D29A800DC6105 /* Release */ = {
			isa = XCBuildConfiguration;
			buildSettings = {
				BUNDLE_LOADER = "$(TEST_HOST)";
				CODE_SIGN_STYLE = Automatic;
				DEVELOPMENT_TEAM = SU246845TG;
				INFOPLIST_FILE = FYXComponentTests/Info.plist;
				LD_RUNPATH_SEARCH_PATHS = "$(inherited) @executable_path/Frameworks @loader_path/Frameworks";
				PRODUCT_BUNDLE_IDENTIFIER = com.rickYun.FYXComponentTests;
				PRODUCT_NAME = "$(TARGET_NAME)";
				TARGETED_DEVICE_FAMILY = "1,2";
				TEST_HOST = "$(BUILT_PRODUCTS_DIR)/FYXComponent.app/FYXComponent";
			};
			name = Release;
		};
		2F89B4CB202D29A800DC6105 /* Debug */ = {
			isa = XCBuildConfiguration;
			buildSettings = {
				CODE_SIGN_STYLE = Automatic;
				DEVELOPMENT_TEAM = SU246845TG;
				INFOPLIST_FILE = FYXComponentUITests/Info.plist;
				LD_RUNPATH_SEARCH_PATHS = "$(inherited) @executable_path/Frameworks @loader_path/Frameworks";
				PRODUCT_BUNDLE_IDENTIFIER = com.rickYun.FYXComponentUITests;
				PRODUCT_NAME = "$(TARGET_NAME)";
				TARGETED_DEVICE_FAMILY = "1,2";
				TEST_TARGET_NAME = FYXComponent;
			};
			name = Debug;
		};
		2F89B4CC202D29A800DC6105 /* Release */ = {
			isa = XCBuildConfiguration;
			buildSettings = {
				CODE_SIGN_STYLE = Automatic;
				DEVELOPMENT_TEAM = SU246845TG;
				INFOPLIST_FILE = FYXComponentUITests/Info.plist;
				LD_RUNPATH_SEARCH_PATHS = "$(inherited) @executable_path/Frameworks @loader_path/Frameworks";
				PRODUCT_BUNDLE_IDENTIFIER = com.rickYun.FYXComponentUITests;
				PRODUCT_NAME = "$(TARGET_NAME)";
				TARGETED_DEVICE_FAMILY = "1,2";
				TEST_TARGET_NAME = FYXComponent;
			};
			name = Release;
		};
/* End XCBuildConfiguration section */

/* Begin XCConfigurationList section */
		2F89B493202D29A700DC6105 /* Build configuration list for PBXProject "FYXComponent" */ = {
			isa = XCConfigurationList;
			buildConfigurations = (
				2F89B4C2202D29A800DC6105 /* Debug */,
				2F89B4C3202D29A800DC6105 /* Release */,
			);
			defaultConfigurationIsVisible = 0;
			defaultConfigurationName = Release;
		};
		2F89B4C4202D29A800DC6105 /* Build configuration list for PBXNativeTarget "FYXComponent" */ = {
			isa = XCConfigurationList;
			buildConfigurations = (
				2F89B4C5202D29A800DC6105 /* Debug */,
				2F89B4C6202D29A800DC6105 /* Release */,
			);
			defaultConfigurationIsVisible = 0;
			defaultConfigurationName = Release;
		};
		2F89B4C7202D29A800DC6105 /* Build configuration list for PBXNativeTarget "FYXComponentTests" */ = {
			isa = XCConfigurationList;
			buildConfigurations = (
				2F89B4C8202D29A800DC6105 /* Debug */,
				2F89B4C9202D29A800DC6105 /* Release */,
			);
			defaultConfigurationIsVisible = 0;
			defaultConfigurationName = Release;
		};
		2F89B4CA202D29A800DC6105 /* Build configuration list for PBXNativeTarget "FYXComponentUITests" */ = {
			isa = XCConfigurationList;
			buildConfigurations = (
				2F89B4CB202D29A800DC6105 /* Debug */,
				2F89B4CC202D29A800DC6105 /* Release */,
			);
			defaultConfigurationIsVisible = 0;
			defaultConfigurationName = Release;
		};
/* End XCConfigurationList section */
	};
	rootObject = 2F89B490202D29A700DC6105 /* Project object */;
}
