// !$*UTF8*$!
{
	archiveVersion = 1;
	classes = {
	};
	objectVersion = 48;
	objects = {

/* Begin PBXBuildFile section */
		2F610350204E226600535AD8 /* FYXSideMenu.m in Sources */ = {isa = PBXBuildFile; fileRef = 2F61034F204E226600535AD8 /* FYXSideMenu.m */; };
		2F610354204E73FF00535AD8 /* FYXPageFlow.m in Sources */ = {isa = PBXBuildFile; fileRef = 2F610353204E73FF00535AD8 /* FYXPageFlow.m */; };
		2F86FE79203E6BA600994707 /* sure.png in Resources */ = {isa = PBXBuildFile; fileRef = 2F86FE78203E6BA600994707 /* sure.png */; };
		2F89B49D202D29A700DC6105 /* AppDelegate.m in Sources */ = {isa = PBXBuildFile; fileRef = 2F89B49C202D29A700DC6105 /* AppDelegate.m */; };
		2F89B4A0202D29A700DC6105 /* ViewController.m in Sources */ = {isa = PBXBuildFile; fileRef = 2F89B49F202D29A700DC6105 /* ViewController.m */; };
		2F89B4A3202D29A700DC6105 /* Main.storyboard in Resources */ = {isa = PBXBuildFile; fileRef = 2F89B4A1202D29A700DC6105 /* Main.storyboard */; };
		2F89B4A5202D29A700DC6105 /* Assets.xcassets in Resources */ = {isa = PBXBuildFile; fileRef = 2F89B4A4202D29A700DC6105 /* Assets.xcassets */; };
		2F89B4A8202D29A700DC6105 /* LaunchScreen.storyboard in Resources */ = {isa = PBXBuildFile; fileRef = 2F89B4A6202D29A700DC6105 /* LaunchScreen.storyboard */; };
		2F89B4AB202D29A700DC6105 /* main.m in Sources */ = {isa = PBXBuildFile; fileRef = 2F89B4AA202D29A700DC6105 /* main.m */; };
		2F89B4B5202D29A800DC6105 /* FYXComponentTests.m in Sources */ = {isa = PBXBuildFile; fileRef = 2F89B4B4202D29A800DC6105 /* FYXComponentTests.m */; };
		2F89B4C0202D29A800DC6105 /* FYXComponentUITests.m in Sources */ = {isa = PBXBuildFile; fileRef = 2F89B4BF202D29A800DC6105 /* FYXComponentUITests.m */; };
		2F89B4D0202D29E400DC6105 /* FYXAlertView.m in Sources */ = {isa = PBXBuildFile; fileRef = 2F89B4CF202D29E400DC6105 /* FYXAlertView.m */; };
		2F89B4D2202D894100DC6105 /* close.png in Resources */ = {isa = PBXBuildFile; fileRef = 2F89B4D1202D894100DC6105 /* close.png */; };
		2FA595B82045445E001B2D95 /* next.png in Resources */ = {isa = PBXBuildFile; fileRef = 2FA595B72045445E001B2D95 /* next.png */; };
		2FA595BA204544FD001B2D95 /* prev.png in Resources */ = {isa = PBXBuildFile; fileRef = 2FA595B9204544FD001B2D95 /* prev.png */; };
		2FB274E1203FBB4600E985F9 /* FYXToast.m in Sources */ = {isa = PBXBuildFile; fileRef = 2FB274E0203FBB4600E985F9 /* FYXToast.m */; };
		2FB274E8203FE51500E985F9 /* FYXButton.m in Sources */ = {isa = PBXBuildFile; fileRef = 2FB274E7203FE51500E985F9 /* FYXButton.m */; };
		2FB274EA203FF8E000E985F9 /* success.png in Resources */ = {isa = PBXBuildFile; fileRef = 2FB274E9203FF8E000E985F9 /* success.png */; };
		2FB274EE203FF98000E985F9 /* FYXTextField.m in Sources */ = {isa = PBXBuildFile; fileRef = 2FB274ED203FF98000E985F9 /* FYXTextField.m */; };
		2FB27512204139BF00E985F9 /* FSCalendarCollectionView.m in Sources */ = {isa = PBXBuildFile; fileRef = 2FB274F1204139BF00E985F9 /* FSCalendarCollectionView.m */; };
		2FB27513204139BF00E985F9 /* FSCalendarDelegationProxy.m in Sources */ = {isa = PBXBuildFile; fileRef = 2FB274F5204139BF00E985F9 /* FSCalendarDelegationProxy.m */; };
		2FB27514204139BF00E985F9 /* FSCalendarDelegationFactory.m in Sources */ = {isa = PBXBuildFile; fileRef = 2FB274F7204139BF00E985F9 /* FSCalendarDelegationFactory.m */; };
		2FB27515204139BF00E985F9 /* FSCalendarCell.m in Sources */ = {isa = PBXBuildFile; fileRef = 2FB274FD204139BF00E985F9 /* FSCalendarCell.m */; };
		2FB27516204139BF00E985F9 /* FSCalendarStickyHeader.m in Sources */ = {isa = PBXBuildFile; fileRef = 2FB274FE204139BF00E985F9 /* FSCalendarStickyHeader.m */; };
		2FB27517204139BF00E985F9 /* FSCalendar.m in Sources */ = {isa = PBXBuildFile; fileRef = 2FB274FF204139BF00E985F9 /* FSCalendar.m */; };
		2FB27518204139BF00E985F9 /* FSCalendarCollectionViewLayout.m in Sources */ = {isa = PBXBuildFile; fileRef = 2FB27500204139BF00E985F9 /* FSCalendarCollectionViewLayout.m */; };
		2FB27519204139BF00E985F9 /* FSCalendarScopeHandle.m in Sources */ = {isa = PBXBuildFile; fileRef = 2FB27501204139BF00E985F9 /* FSCalendarScopeHandle.m */; };
		2FB2751A204139BF00E985F9 /* FSCalendarWeekdayView.m in Sources */ = {isa = PBXBuildFile; fileRef = 2FB27502204139BF00E985F9 /* FSCalendarWeekdayView.m */; };
		2FB2751B204139BF00E985F9 /* FSCalendarExtensions.m in Sources */ = {isa = PBXBuildFile; fileRef = 2FB27506204139BF00E985F9 /* FSCalendarExtensions.m */; };
		2FB2751C204139BF00E985F9 /* FSCalendar+Deprecated.m in Sources */ = {isa = PBXBuildFile; fileRef = 2FB27508204139BF00E985F9 /* FSCalendar+Deprecated.m */; };
		2FB2751D204139BF00E985F9 /* FSCalendarConstants.m in Sources */ = {isa = PBXBuildFile; fileRef = 2FB27509204139BF00E985F9 /* FSCalendarConstants.m */; };
		2FB2751E204139BF00E985F9 /* FSCalendarCalculator.m in Sources */ = {isa = PBXBuildFile; fileRef = 2FB2750A204139BF00E985F9 /* FSCalendarCalculator.m */; };
		2FB2751F204139BF00E985F9 /* FSCalendarHeaderView.m in Sources */ = {isa = PBXBuildFile; fileRef = 2FB2750B204139BF00E985F9 /* FSCalendarHeaderView.m */; };
		2FB27520204139BF00E985F9 /* FSCalendarTransitionCoordinator.m in Sources */ = {isa = PBXBuildFile; fileRef = 2FB2750F204139BF00E985F9 /* FSCalendarTransitionCoordinator.m */; };
		2FB27521204139BF00E985F9 /* Info.plist in Resources */ = {isa = PBXBuildFile; fileRef = 2FB27510204139BF00E985F9 /* Info.plist */; };
		2FB27522204139BF00E985F9 /* FSCalendarAppearance.m in Sources */ = {isa = PBXBuildFile; fileRef = 2FB27511204139BF00E985F9 /* FSCalendarAppearance.m */; };
		2FB27525204139DD00E985F9 /* FYXCalendar.m in Sources */ = {isa = PBXBuildFile; fileRef = 2FB27524204139DD00E985F9 /* FYXCalendar.m */; };
		2FB2752C2044EE1F00E985F9 /* FYXCalendarDataModel.m in Sources */ = {isa = PBXBuildFile; fileRef = 2FB2752B2044EE1F00E985F9 /* FYXCalendarDataModel.m */; };
/* End PBXBuildFile section */

/* Begin PBXContainerItemProxy section */
		2F89B4B1202D29A800DC6105 /* PBXContainerItemProxy */ = {
			isa = PBXContainerItemProxy;
			containerPortal = 2F89B490202D29A700DC6105 /* Project object */;
			proxyType = 1;
			remoteGlobalIDString = 2F89B497202D29A700DC6105;
			remoteInfo = FYXComponent;
		};
		2F89B4BC202D29A800DC6105 /* PBXContainerItemProxy */ = {
			isa = PBXContainerItemProxy;
			containerPortal = 2F89B490202D29A700DC6105 /* Project object */;
			proxyType = 1;
			remoteGlobalIDString = 2F89B497202D29A700DC6105;
			remoteInfo = FYXComponent;
		};
/* End PBXContainerItemProxy section */

/* Begin PBXFileReference section */
		2F61034E204E226600535AD8 /* FYXSideMenu.h */ = {isa = PBXFileReference; lastKnownFileType = sourcecode.c.h; path = FYXSideMenu.h; sourceTree = "<group>"; };
		2F61034F204E226600535AD8 /* FYXSideMenu.m */ = {isa = PBXFileReference; lastKnownFileType = sourcecode.c.objc; path = FYXSideMenu.m; sourceTree = "<group>"; };
		2F610352204E73FF00535AD8 /* FYXPageFlow.h */ = {isa = PBXFileReference; lastKnownFileType = sourcecode.c.h; path = FYXPageFlow.h; sourceTree = "<group>"; };
		2F610353204E73FF00535AD8 /* FYXPageFlow.m */ = {isa = PBXFileReference; lastKnownFileType = sourcecode.c.objc; path = FYXPageFlow.m; sourceTree = "<group>"; };
		2F86FE78203E6BA600994707 /* sure.png */ = {isa = PBXFileReference; lastKnownFileType = image.png; path = sure.png; sourceTree = "<group>"; };
		2F89B498202D29A700DC6105 /* FYXComponent.app */ = {isa = PBXFileReference; explicitFileType = wrapper.application; includeInIndex = 0; path = FYXComponent.app; sourceTree = BUILT_PRODUCTS_DIR; };
		2F89B49B202D29A700DC6105 /* AppDelegate.h */ = {isa = PBXFileReference; lastKnownFileType = sourcecode.c.h; path = AppDelegate.h; sourceTree = "<group>"; };
		2F89B49C202D29A700DC6105 /* AppDelegate.m */ = {isa = PBXFileReference; lastKnownFileType = sourcecode.c.objc; path = AppDelegate.m; sourceTree = "<group>"; };
		2F89B49E202D29A700DC6105 /* ViewController.h */ = {isa = PBXFileReference; lastKnownFileType = sourcecode.c.h; path = ViewController.h; sourceTree = "<group>"; };
		2F89B49F202D29A700DC6105 /* ViewController.m */ = {isa = PBXFileReference; lastKnownFileType = sourcecode.c.objc; path = ViewController.m; sourceTree = "<group>"; };
		2F89B4A2202D29A700DC6105 /* Base */ = {isa = PBXFileReference; lastKnownFileType = file.storyboard; name = Base; path = Base.lproj/Main.storyboard; sourceTree = "<group>"; };
		2F89B4A4202D29A700DC6105 /* Assets.xcassets */ = {isa = PBXFileReference; lastKnownFileType = folder.assetcatalog; path = Assets.xcassets; sourceTree = "<group>"; };
		2F89B4A7202D29A700DC6105 /* Base */ = {isa = PBXFileReference; lastKnownFileType = file.storyboard; name = Base; path = Base.lproj/LaunchScreen.storyboard; sourceTree = "<group>"; };
		2F89B4A9202D29A700DC6105 /* Info.plist */ = {isa = PBXFileReference; lastKnownFileType = text.plist.xml; path = Info.plist; sourceTree = "<group>"; };
		2F89B4AA202D29A700DC6105 /* main.m */ = {isa = PBXFileReference; lastKnownFileType = sourcecode.c.objc; path = main.m; sourceTree = "<group>"; };
		2F89B4B0202D29A800DC6105 /* FYXComponentTests.xctest */ = {isa = PBXFileReference; explicitFileType = wrapper.cfbundle; includeInIndex = 0; path = FYXComponentTests.xctest; sourceTree = BUILT_PRODUCTS_DIR; };
		2F89B4B4202D29A800DC6105 /* FYXComponentTests.m */ = {isa = PBXFileReference; lastKnownFileType = sourcecode.c.objc; path = FYXComponentTests.m; sourceTree = "<group>"; };
		2F89B4B6202D29A800DC6105 /* Info.plist */ = {isa = PBXFileReference; lastKnownFileType = text.plist.xml; path = Info.plist; sourceTree = "<group>"; };
		2F89B4BB202D29A800DC6105 /* FYXComponentUITests.xctest */ = {isa = PBXFileReference; explicitFileType = wrapper.cfbundle; includeInIndex = 0; path = FYXComponentUITests.xctest; sourceTree = BUILT_PRODUCTS_DIR; };
		2F89B4BF202D29A800DC6105 /* FYXComponentUITests.m */ = {isa = PBXFileReference; lastKnownFileType = sourcecode.c.objc; path = FYXComponentUITests.m; sourceTree = "<group>"; };
		2F89B4C1202D29A800DC6105 /* Info.plist */ = {isa = PBXFileReference; lastKnownFileType = text.plist.xml; path = Info.plist; sourceTree = "<group>"; };
		2F89B4CE202D29E400DC6105 /* FYXAlertView.h */ = {isa = PBXFileReference; lastKnownFileType = sourcecode.c.h; path = FYXAlertView.h; sourceTree = "<group>"; };
		2F89B4CF202D29E400DC6105 /* FYXAlertView.m */ = {isa = PBXFileReference; lastKnownFileType = sourcecode.c.objc; path = FYXAlertView.m; sourceTree = "<group>"; };
		2F89B4D1202D894100DC6105 /* close.png */ = {isa = PBXFileReference; lastKnownFileType = image.png; path = close.png; sourceTree = "<group>"; };
		2FA595B72045445E001B2D95 /* next.png */ = {isa = PBXFileReference; lastKnownFileType = image.png; path = next.png; sourceTree = "<group>"; };
		2FA595B9204544FD001B2D95 /* prev.png */ = {isa = PBXFileReference; lastKnownFileType = image.png; path = prev.png; sourceTree = "<group>"; };
		2FB274DF203FBB4600E985F9 /* FYXToast.h */ = {isa = PBXFileReference; lastKnownFileType = sourcecode.c.h; path = FYXToast.h; sourceTree = "<group>"; };
		2FB274E0203FBB4600E985F9 /* FYXToast.m */ = {isa = PBXFileReference; lastKnownFileType = sourcecode.c.objc; path = FYXToast.m; sourceTree = "<group>"; };
		2FB274E6203FE51500E985F9 /* FYXButton.h */ = {isa = PBXFileReference; lastKnownFileType = sourcecode.c.h; path = FYXButton.h; sourceTree = "<group>"; };
		2FB274E7203FE51500E985F9 /* FYXButton.m */ = {isa = PBXFileReference; lastKnownFileType = sourcecode.c.objc; path = FYXButton.m; sourceTree = "<group>"; };
		2FB274E9203FF8E000E985F9 /* success.png */ = {isa = PBXFileReference; lastKnownFileType = image.png; path = success.png; sourceTree = "<group>"; };
		2FB274EC203FF98000E985F9 /* FYXTextField.h */ = {isa = PBXFileReference; lastKnownFileType = sourcecode.c.h; path = FYXTextField.h; sourceTree = "<group>"; };
		2FB274ED203FF98000E985F9 /* FYXTextField.m */ = {isa = PBXFileReference; lastKnownFileType = sourcecode.c.objc; path = FYXTextField.m; sourceTree = "<group>"; };
		2FB274F1204139BF00E985F9 /* FSCalendarCollectionView.m */ = {isa = PBXFileReference; fileEncoding = 4; lastKnownFileType = sourcecode.c.objc; path = FSCalendarCollectionView.m; sourceTree = "<group>"; };
		2FB274F2204139BF00E985F9 /* FSCalendarWeekdayView.h */ = {isa = PBXFileReference; fileEncoding = 4; lastKnownFileType = sourcecode.c.h; path = FSCalendarWeekdayView.h; sourceTree = "<group>"; };
		2FB274F3204139BF00E985F9 /* FSCalendarCollectionViewLayout.h */ = {isa = PBXFileReference; fileEncoding = 4; lastKnownFileType = sourcecode.c.h; path = FSCalendarCollectionViewLayout.h; sourceTree = "<group>"; };
		2FB274F4204139BF00E985F9 /* FSCalendarScopeHandle.h */ = {isa = PBXFileReference; fileEncoding = 4; lastKnownFileType = sourcecode.c.h; path = FSCalendarScopeHandle.h; sourceTree = "<group>"; };
		2FB274F5204139BF00E985F9 /* FSCalendarDelegationProxy.m */ = {isa = PBXFileReference; fileEncoding = 4; lastKnownFileType = sourcecode.c.objc; path = FSCalendarDelegationProxy.m; sourceTree = "<group>"; };
		2FB274F6204139BF00E985F9 /* FSCalendarExtensions.h */ = {isa = PBXFileReference; fileEncoding = 4; lastKnownFileType = sourcecode.c.h; path = FSCalendarExtensions.h; sourceTree = "<group>"; };
		2FB274F7204139BF00E985F9 /* FSCalendarDelegationFactory.m */ = {isa = PBXFileReference; fileEncoding = 4; lastKnownFileType = sourcecode.c.objc; path = FSCalendarDelegationFactory.m; sourceTree = "<group>"; };
		2FB274F8204139BF00E985F9 /* FSCalendarCalculator.h */ = {isa = PBXFileReference; fileEncoding = 4; lastKnownFileType = sourcecode.c.h; path = FSCalendarCalculator.h; sourceTree = "<group>"; };
		2FB274F9204139BF00E985F9 /* FSCalendarHeaderView.h */ = {isa = PBXFileReference; fileEncoding = 4; lastKnownFileType = sourcecode.c.h; path = FSCalendarHeaderView.h; sourceTree = "<group>"; };
		2FB274FA204139BF00E985F9 /* FSCalendarConstants.h */ = {isa = PBXFileReference; fileEncoding = 4; lastKnownFileType = sourcecode.c.h; path = FSCalendarConstants.h; sourceTree = "<group>"; };
		2FB274FB204139BF00E985F9 /* FSCalendarAppearance.h */ = {isa = PBXFileReference; fileEncoding = 4; lastKnownFileType = sourcecode.c.h; path = FSCalendarAppearance.h; sourceTree = "<group>"; };
		2FB274FC204139BF00E985F9 /* FSCalendarTransitionCoordinator.h */ = {isa = PBXFileReference; fileEncoding = 4; lastKnownFileType = sourcecode.c.h; path = FSCalendarTransitionCoordinator.h; sourceTree = "<group>"; };
		2FB274FD204139BF00E985F9 /* FSCalendarCell.m */ = {isa = PBXFileReference; fileEncoding = 4; lastKnownFileType = sourcecode.c.objc; path = FSCalendarCell.m; sourceTree = "<group>"; };
		2FB274FE204139BF00E985F9 /* FSCalendarStickyHeader.m */ = {isa = PBXFileReference; fileEncoding = 4; lastKnownFileType = sourcecode.c.objc; path = FSCalendarStickyHeader.m; sourceTree = "<group>"; };
		2FB274FF204139BF00E985F9 /* FSCalendar.m */ = {isa = PBXFileReference; fileEncoding = 4; lastKnownFileType = sourcecode.c.objc; path = FSCalendar.m; sourceTree = "<group>"; };
		2FB27500204139BF00E985F9 /* FSCalendarCollectionViewLayout.m */ = {isa = PBXFileReference; fileEncoding = 4; lastKnownFileType = sourcecode.c.objc; path = FSCalendarCollectionViewLayout.m; sourceTree = "<group>"; };
		2FB27501204139BF00E985F9 /* FSCalendarScopeHandle.m */ = {isa = PBXFileReference; fileEncoding = 4; lastKnownFileType = sourcecode.c.objc; path = FSCalendarScopeHandle.m; sourceTree = "<group>"; };
		2FB27502204139BF00E985F9 /* FSCalendarWeekdayView.m */ = {isa = PBXFileReference; fileEncoding = 4; lastKnownFileType = sourcecode.c.objc; path = FSCalendarWeekdayView.m; sourceTree = "<group>"; };
		2FB27503204139BF00E985F9 /* FSCalendarCollectionView.h */ = {isa = PBXFileReference; fileEncoding = 4; lastKnownFileType = sourcecode.c.h; path = FSCalendarCollectionView.h; sourceTree = "<group>"; };
		2FB27504204139BF00E985F9 /* FSCalendarDynamicHeader.h */ = {isa = PBXFileReference; fileEncoding = 4; lastKnownFileType = sourcecode.c.h; path = FSCalendarDynamicHeader.h; sourceTree = "<group>"; };
		2FB27505204139BF00E985F9 /* FSCalendarDelegationFactory.h */ = {isa = PBXFileReference; fileEncoding = 4; lastKnownFileType = sourcecode.c.h; path = FSCalendarDelegationFactory.h; sourceTree = "<group>"; };
		2FB27506204139BF00E985F9 /* FSCalendarExtensions.m */ = {isa = PBXFileReference; fileEncoding = 4; lastKnownFileType = sourcecode.c.objc; path = FSCalendarExtensions.m; sourceTree = "<group>"; };
		2FB27507204139BF00E985F9 /* FSCalendarDelegationProxy.h */ = {isa = PBXFileReference; fileEncoding = 4; lastKnownFileType = sourcecode.c.h; path = FSCalendarDelegationProxy.h; sourceTree = "<group>"; };
		2FB27508204139BF00E985F9 /* FSCalendar+Deprecated.m */ = {isa = PBXFileReference; fileEncoding = 4; lastKnownFileType = sourcecode.c.objc; path = "FSCalendar+Deprecated.m"; sourceTree = "<group>"; };
		2FB27509204139BF00E985F9 /* FSCalendarConstants.m */ = {isa = PBXFileReference; fileEncoding = 4; lastKnownFileType = sourcecode.c.objc; path = FSCalendarConstants.m; sourceTree = "<group>"; };
		2FB2750A204139BF00E985F9 /* FSCalendarCalculator.m */ = {isa = PBXFileReference; fileEncoding = 4; lastKnownFileType = sourcecode.c.objc; path = FSCalendarCalculator.m; sourceTree = "<group>"; };
		2FB2750B204139BF00E985F9 /* FSCalendarHeaderView.m */ = {isa = PBXFileReference; fileEncoding = 4; lastKnownFileType = sourcecode.c.objc; path = FSCalendarHeaderView.m; sourceTree = "<group>"; };
		2FB2750C204139BF00E985F9 /* FSCalendarStickyHeader.h */ = {isa = PBXFileReference; fileEncoding = 4; lastKnownFileType = sourcecode.c.h; path = FSCalendarStickyHeader.h; sourceTree = "<group>"; };
		2FB2750D204139BF00E985F9 /* FSCalendar.h */ = {isa = PBXFileReference; fileEncoding = 4; lastKnownFileType = sourcecode.c.h; path = FSCalendar.h; sourceTree = "<group>"; };
		2FB2750E204139BF00E985F9 /* FSCalendarCell.h */ = {isa = PBXFileReference; fileEncoding = 4; lastKnownFileType = sourcecode.c.h; path = FSCalendarCell.h; sourceTree = "<group>"; };
		2FB2750F204139BF00E985F9 /* FSCalendarTransitionCoordinator.m */ = {isa = PBXFileReference; fileEncoding = 4; lastKnownFileType = sourcecode.c.objc; path = FSCalendarTransitionCoordinator.m; sourceTree = "<group>"; };
		2FB27510204139BF00E985F9 /* Info.plist */ = {isa = PBXFileReference; fileEncoding = 4; lastKnownFileType = text.plist.xml; path = Info.plist; sourceTree = "<group>"; };
		2FB27511204139BF00E985F9 /* FSCalendarAppearance.m */ = {isa = PBXFileReference; fileEncoding = 4; lastKnownFileType = sourcecode.c.objc; path = FSCalendarAppearance.m; sourceTree = "<group>"; };
		2FB27523204139DD00E985F9 /* FYXCalendar.h */ = {isa = PBXFileReference; lastKnownFileType = sourcecode.c.h; path = FYXCalendar.h; sourceTree = "<group>"; };
		2FB27524204139DD00E985F9 /* FYXCalendar.m */ = {isa = PBXFileReference; lastKnownFileType = sourcecode.c.objc; path = FYXCalendar.m; sourceTree = "<group>"; };
		2FB2752A2044EE1F00E985F9 /* FYXCalendarDataModel.h */ = {isa = PBXFileReference; lastKnownFileType = sourcecode.c.h; path = FYXCalendarDataModel.h; sourceTree = "<group>"; };
		2FB2752B2044EE1F00E985F9 /* FYXCalendarDataModel.m */ = {isa = PBXFileReference; lastKnownFileType = sourcecode.c.objc; path = FYXCalendarDataModel.m; sourceTree = "<group>"; };
/* End PBXFileReference section */

/* Begin PBXFrameworksBuildPhase section */
		2F89B495202D29A700DC6105 /* Frameworks */ = {
			isa = PBXFrameworksBuildPhase;
			buildActionMask = 2147483647;
			files = (
			);
			runOnlyForDeploymentPostprocessing = 0;
		};
		2F89B4AD202D29A800DC6105 /* Frameworks */ = {
			isa = PBXFrameworksBuildPhase;
			buildActionMask = 2147483647;
			files = (
			);
			runOnlyForDeploymentPostprocessing = 0;
		};
		2F89B4B8202D29A800DC6105 /* Frameworks */ = {
			isa = PBXFrameworksBuildPhase;
			buildActionMask = 2147483647;
			files = (
			);
			runOnlyForDeploymentPostprocessing = 0;
		};
/* End PBXFrameworksBuildPhase section */

/* Begin PBXGroup section */
		2F61034D204E223000535AD8 /* FYXSideMenu */ = {
			isa = PBXGroup;
			children = (
				2F61034E204E226600535AD8 /* FYXSideMenu.h */,
				2F61034F204E226600535AD8 /* FYXSideMenu.m */,
			);
			path = FYXSideMenu;
			sourceTree = "<group>";
		};
		2F610351204E73A300535AD8 /* FYXPageFlow */ = {
			isa = PBXGroup;
			children = (
				2F610352204E73FF00535AD8 /* FYXPageFlow.h */,
				2F610353204E73FF00535AD8 /* FYXPageFlow.m */,
			);
			path = FYXPageFlow;
			sourceTree = "<group>";
		};
		2F86FE77203E543100994707 /* FYXButton */ = {
			isa = PBXGroup;
			children = (
				2FB274E6203FE51500E985F9 /* FYXButton.h */,
				2FB274E7203FE51500E985F9 /* FYXButton.m */,
			);
			path = FYXButton;
			sourceTree = "<group>";
		};
		2F89B48F202D29A700DC6105 = {
			isa = PBXGroup;
			children = (
				2F610351204E73A300535AD8 /* FYXPageFlow */,
				2F61034D204E223000535AD8 /* FYXSideMenu */,
				2FB274EF2041362800E985F9 /* FYXCalendar */,
				2FB274EB203FF90200E985F9 /* FYXTextfield */,
				2FB274DB203FB8AE00E985F9 /* FYXToast */,
				2F86FE77203E543100994707 /* FYXButton */,
				2F89B4CD202D29B300DC6105 /* FYXAlert */,
				2F89B49A202D29A700DC6105 /* FYXComponent */,
				2F89B4B3202D29A800DC6105 /* FYXComponentTests */,
				2F89B4BE202D29A800DC6105 /* FYXComponentUITests */,
				2F89B499202D29A700DC6105 /* Products */,
			);
			sourceTree = "<group>";
		};
		2F89B499202D29A700DC6105 /* Products */ = {
			isa = PBXGroup;
			children = (
				2F89B498202D29A700DC6105 /* FYXComponent.app */,
				2F89B4B0202D29A800DC6105 /* FYXComponentTests.xctest */,
				2F89B4BB202D29A800DC6105 /* FYXComponentUITests.xctest */,
			);
			name = Products;
			sourceTree = "<group>";
		};
		2F89B49A202D29A700DC6105 /* FYXComponent */ = {
			isa = PBXGroup;
			children = (
				2F89B49B202D29A700DC6105 /* AppDelegate.h */,
				2F89B49C202D29A700DC6105 /* AppDelegate.m */,
				2F89B49E202D29A700DC6105 /* ViewController.h */,
				2F89B49F202D29A700DC6105 /* ViewController.m */,
				2F89B4A1202D29A700DC6105 /* Main.storyboard */,
				2F89B4A4202D29A700DC6105 /* Assets.xcassets */,
				2F89B4A6202D29A700DC6105 /* LaunchScreen.storyboard */,
				2F89B4A9202D29A700DC6105 /* Info.plist */,
				2F89B4AA202D29A700DC6105 /* main.m */,
			);
			path = FYXComponent;
			sourceTree = "<group>";
		};
		2F89B4B3202D29A800DC6105 /* FYXComponentTests */ = {
			isa = PBXGroup;
			children = (
				2F89B4B4202D29A800DC6105 /* FYXComponentTests.m */,
				2F89B4B6202D29A800DC6105 /* Info.plist */,
			);
			path = FYXComponentTests;
			sourceTree = "<group>";
		};
		2F89B4BE202D29A800DC6105 /* FYXComponentUITests */ = {
			isa = PBXGroup;
			children = (
				2F89B4BF202D29A800DC6105 /* FYXComponentUITests.m */,
				2F89B4C1202D29A800DC6105 /* Info.plist */,
			);
			path = FYXComponentUITests;
			sourceTree = "<group>";
		};
		2F89B4CD202D29B300DC6105 /* FYXAlert */ = {
			isa = PBXGroup;
			children = (
				2F89B4CE202D29E400DC6105 /* FYXAlertView.h */,
				2F89B4CF202D29E400DC6105 /* FYXAlertView.m */,
				2F86FE78203E6BA600994707 /* sure.png */,
				2F89B4D1202D894100DC6105 /* close.png */,
			);
			path = FYXAlert;
			sourceTree = "<group>";
		};
		2FB274DB203FB8AE00E985F9 /* FYXToast */ = {
			isa = PBXGroup;
			children = (
				2FB274DF203FBB4600E985F9 /* FYXToast.h */,
				2FB274E0203FBB4600E985F9 /* FYXToast.m */,
				2FB274E9203FF8E000E985F9 /* success.png */,
			);
			path = FYXToast;
			sourceTree = "<group>";
		};
		2FB274EB203FF90200E985F9 /* FYXTextfield */ = {
			isa = PBXGroup;
			children = (
				2FB274EC203FF98000E985F9 /* FYXTextField.h */,
				2FB274ED203FF98000E985F9 /* FYXTextField.m */,
			);
			path = FYXTextfield;
			sourceTree = "<group>";
		};
		2FB274EF2041362800E985F9 /* FYXCalendar */ = {
			isa = PBXGroup;
			children = (
				2FB274F0204139BF00E985F9 /* FSCalendar */,
				2FB27523204139DD00E985F9 /* FYXCalendar.h */,
				2FB27524204139DD00E985F9 /* FYXCalendar.m */,
				2FA595B72045445E001B2D95 /* next.png */,
				2FA595B9204544FD001B2D95 /* prev.png */,
				2FB2752A2044EE1F00E985F9 /* FYXCalendarDataModel.h */,
				2FB2752B2044EE1F00E985F9 /* FYXCalendarDataModel.m */,
			);
			path = FYXCalendar;
			sourceTree = "<group>";
		};
		2FB274F0204139BF00E985F9 /* FSCalendar */ = {
			isa = PBXGroup;
			children = (
				2FB274F1204139BF00E985F9 /* FSCalendarCollectionView.m */,
				2FB274F2204139BF00E985F9 /* FSCalendarWeekdayView.h */,
				2FB274F3204139BF00E985F9 /* FSCalendarCollectionViewLayout.h */,
				2FB274F4204139BF00E985F9 /* FSCalendarScopeHandle.h */,
				2FB274F5204139BF00E985F9 /* FSCalendarDelegationProxy.m */,
				2FB274F6204139BF00E985F9 /* FSCalendarExtensions.h */,
				2FB274F7204139BF00E985F9 /* FSCalendarDelegationFactory.m */,
				2FB274F8204139BF00E985F9 /* FSCalendarCalculator.h */,
				2FB274F9204139BF00E985F9 /* FSCalendarHeaderView.h */,
				2FB274FA204139BF00E985F9 /* FSCalendarConstants.h */,
				2FB274FB204139BF00E985F9 /* FSCalendarAppearance.h */,
				2FB274FC204139BF00E985F9 /* FSCalendarTransitionCoordinator.h */,
				2FB274FD204139BF00E985F9 /* FSCalendarCell.m */,
				2FB274FE204139BF00E985F9 /* FSCalendarStickyHeader.m */,
				2FB274FF204139BF00E985F9 /* FSCalendar.m */,
				2FB27500204139BF00E985F9 /* FSCalendarCollectionViewLayout.m */,
				2FB27501204139BF00E985F9 /* FSCalendarScopeHandle.m */,
				2FB27502204139BF00E985F9 /* FSCalendarWeekdayView.m */,
				2FB27503204139BF00E985F9 /* FSCalendarCollectionView.h */,
				2FB27504204139BF00E985F9 /* FSCalendarDynamicHeader.h */,
				2FB27505204139BF00E985F9 /* FSCalendarDelegationFactory.h */,
				2FB27506204139BF00E985F9 /* FSCalendarExtensions.m */,
				2FB27507204139BF00E985F9 /* FSCalendarDelegationProxy.h */,
				2FB27508204139BF00E985F9 /* FSCalendar+Deprecated.m */,
				2FB27509204139BF00E985F9 /* FSCalendarConstants.m */,
				2FB2750A204139BF00E985F9 /* FSCalendarCalculator.m */,
				2FB2750B204139BF00E985F9 /* FSCalendarHeaderView.m */,
				2FB2750C204139BF00E985F9 /* FSCalendarStickyHeader.h */,
				2FB2750D204139BF00E985F9 /* FSCalendar.h */,
				2FB2750E204139BF00E985F9 /* FSCalendarCell.h */,
				2FB2750F204139BF00E985F9 /* FSCalendarTransitionCoordinator.m */,
				2FB27510204139BF00E985F9 /* Info.plist */,
				2FB27511204139BF00E985F9 /* FSCalendarAppearance.m */,
			);
			path = FSCalendar;
			sourceTree = "<group>";
		};
/* End PBXGroup section */

/* Begin PBXNativeTarget section */
		2F89B497202D29A700DC6105 /* FYXComponent */ = {
			isa = PBXNativeTarget;
			buildConfigurationList = 2F89B4C4202D29A800DC6105 /* Build configuration list for PBXNativeTarget "FYXComponent" */;
			buildPhases = (
				2F89B494202D29A700DC6105 /* Sources */,
				2F89B495202D29A700DC6105 /* Frameworks */,
				2F89B496202D29A700DC6105 /* Resources */,
			);
			buildRules = (
			);
			dependencies = (
			);
			name = FYXComponent;
			productName = FYXComponent;
			productReference = 2F89B498202D29A700DC6105 /* FYXComponent.app */;
			productType = "com.apple.product-type.application";
		};
		2F89B4AF202D29A800DC6105 /* FYXComponentTests */ = {
			isa = PBXNativeTarget;
			buildConfigurationList = 2F89B4C7202D29A800DC6105 /* Build configuration list for PBXNativeTarget "FYXComponentTests" */;
			buildPhases = (
				2F89B4AC202D29A800DC6105 /* Sources */,
				2F89B4AD202D29A800DC6105 /* Frameworks */,
				2F89B4AE202D29A800DC6105 /* Resources */,
			);
			buildRules = (
			);
			dependencies = (
				2F89B4B2202D29A800DC6105 /* PBXTargetDependency */,
			);
			name = FYXComponentTests;
			productName = FYXComponentTests;
			productReference = 2F89B4B0202D29A800DC6105 /* FYXComponentTests.xctest */;
			productType = "com.apple.product-type.bundle.unit-test";
		};
		2F89B4BA202D29A800DC6105 /* FYXComponentUITests */ = {
			isa = PBXNativeTarget;
			buildConfigurationList = 2F89B4CA202D29A800DC6105 /* Build configuration list for PBXNativeTarget "FYXComponentUITests" */;
			buildPhases = (
				2F89B4B7202D29A800DC6105 /* Sources */,
				2F89B4B8202D29A800DC6105 /* Frameworks */,
				2F89B4B9202D29A800DC6105 /* Resources */,
			);
			buildRules = (
			);
			dependencies = (
				2F89B4BD202D29A800DC6105 /* PBXTargetDependency */,
			);
			name = FYXComponentUITests;
			productName = FYXComponentUITests;
			productReference = 2F89B4BB202D29A800DC6105 /* FYXComponentUITests.xctest */;
			productType = "com.apple.product-type.bundle.ui-testing";
		};
/* End PBXNativeTarget section */

/* Begin PBXProject section */
		2F89B490202D29A700DC6105 /* Project object */ = {
			isa = PBXProject;
			attributes = {
				LastUpgradeCheck = 0920;
				ORGANIZATIONNAME = "欧阳云慧";
				TargetAttributes = {
					2F89B497202D29A700DC6105 = {
						CreatedOnToolsVersion = 9.2;
						ProvisioningStyle = Automatic;
					};
					2F89B4AF202D29A800DC6105 = {
						CreatedOnToolsVersion = 9.2;
						ProvisioningStyle = Automatic;
						TestTargetID = 2F89B497202D29A700DC6105;
					};
					2F89B4BA202D29A800DC6105 = {
						CreatedOnToolsVersion = 9.2;
						ProvisioningStyle = Automatic;
						TestTargetID = 2F89B497202D29A700DC6105;
					};
				};
			};
			buildConfigurationList = 2F89B493202D29A700DC6105 /* Build configuration list for PBXProject "FYXComponent" */;
			compatibilityVersion = "Xcode 8.0";
			developmentRegion = en;
			hasScannedForEncodings = 0;
			knownRegions = (
				en,
				Base,
			);
			mainGroup = 2F89B48F202D29A700DC6105;
			productRefGroup = 2F89B499202D29A700DC6105 /* Products */;
			projectDirPath = "";
			projectRoot = "";
			targets = (
				2F89B497202D29A700DC6105 /* FYXComponent */,
				2F89B4AF202D29A800DC6105 /* FYXComponentTests */,
				2F89B4BA202D29A800DC6105 /* FYXComponentUITests */,
			);
		};
/* End PBXProject section */

/* Begin PBXResourcesBuildPhase section */
		2F89B496202D29A700DC6105 /* Resources */ = {
			isa = PBXResourcesBuildPhase;
			buildActionMask = 2147483647;
			files = (
				2F89B4A8202D29A700DC6105 /* LaunchScreen.storyboard in Resources */,
				2F86FE79203E6BA600994707 /* sure.png in Resources */,
				2F89B4A5202D29A700DC6105 /* Assets.xcassets in Resources */,
				2F89B4D2202D894100DC6105 /* close.png in Resources */,
				2FA595B82045445E001B2D95 /* next.png in Resources */,
				2FA595BA204544FD001B2D95 /* prev.png in Resources */,
				2F89B4A3202D29A700DC6105 /* Main.storyboard in Resources */,
				2FB274EA203FF8E000E985F9 /* success.png in Resources */,
				2FB27521204139BF00E985F9 /* Info.plist in Resources */,
			);
			runOnlyForDeploymentPostprocessing = 0;
		};
		2F89B4AE202D29A800DC6105 /* Resources */ = {
			isa = PBXResourcesBuildPhase;
			buildActionMask = 2147483647;
			files = (
			);
			runOnlyForDeploymentPostprocessing = 0;
		};
		2F89B4B9202D29A800DC6105 /* Resources */ = {
			isa = PBXResourcesBuildPhase;
			buildActionMask = 2147483647;
			files = (
			);
			runOnlyForDeploymentPostprocessing = 0;
		};
/* End PBXResourcesBuildPhase section */

/* Begin PBXSourcesBuildPhase section */
		2F89B494202D29A700DC6105 /* Sources */ = {
			isa = PBXSourcesBuildPhase;
			buildActionMask = 2147483647;
			files = (
				2F89B4A0202D29A700DC6105 /* ViewController.m in Sources */,
				2FB274E8203FE51500E985F9 /* FYXButton.m in Sources */,
				2FB27519204139BF00E985F9 /* FSCalendarScopeHandle.m in Sources */,
				2FB27518204139BF00E985F9 /* FSCalendarCollectionViewLayout.m in Sources */,
				2FB27517204139BF00E985F9 /* FSCalendar.m in Sources */,
				2FB274EE203FF98000E985F9 /* FYXTextField.m in Sources */,
				2F610354204E73FF00535AD8 /* FYXPageFlow.m in Sources */,
				2FB2751E204139BF00E985F9 /* FSCalendarCalculator.m in Sources */,
				2FB2751F204139BF00E985F9 /* FSCalendarHeaderView.m in Sources */,
				2FB27514204139BF00E985F9 /* FSCalendarDelegationFactory.m in Sources */,
				2FB27525204139DD00E985F9 /* FYXCalendar.m in Sources */,
				2FB27522204139BF00E985F9 /* FSCalendarAppearance.m in Sources */,
				2FB2751D204139BF00E985F9 /* FSCalendarConstants.m in Sources */,
				2FB2751C204139BF00E985F9 /* FSCalendar+Deprecated.m in Sources */,
				2F89B4AB202D29A700DC6105 /* main.m in Sources */,
				2F89B49D202D29A700DC6105 /* AppDelegate.m in Sources */,
				2F89B4D0202D29E400DC6105 /* FYXAlertView.m in Sources */,
				2FB2751A204139BF00E985F9 /* FSCalendarWeekdayView.m in Sources */,
				2FB2751B204139BF00E985F9 /* FSCalendarExtensions.m in Sources */,
				2FB27513204139BF00E985F9 /* FSCalendarDelegationProxy.m in Sources */,
				2F610350204E226600535AD8 /* FYXSideMenu.m in Sources */,
				2FB27515204139BF00E985F9 /* FSCalendarCell.m in Sources */,
				2FB274E1203FBB4600E985F9 /* FYXToast.m in Sources */,
				2FB27516204139BF00E985F9 /* FSCalendarStickyHeader.m in Sources */,
				2FB2752C2044EE1F00E985F9 /* FYXCalendarDataModel.m in Sources */,
				2FB27520204139BF00E985F9 /* FSCalendarTransitionCoordinator.m in Sources */,
				2FB27512204139BF00E985F9 /* FSCalendarCollectionView.m in Sources */,
			);
			runOnlyForDeploymentPostprocessing = 0;
		};
		2F89B4AC202D29A800DC6105 /* Sources */ = {
			isa = PBXSourcesBuildPhase;
			buildActionMask = 2147483647;
			files = (
				2F89B4B5202D29A800DC6105 /* FYXComponentTests.m in Sources */,
			);
			runOnlyForDeploymentPostprocessing = 0;
		};
		2F89B4B7202D29A800DC6105 /* Sources */ = {
			isa = PBXSourcesBuildPhase;
			buildActionMask = 2147483647;
			files = (
				2F89B4C0202D29A800DC6105 /* FYXComponentUITests.m in Sources */,
			);
			runOnlyForDeploymentPostprocessing = 0;
		};
/* End PBXSourcesBuildPhase section */

/* Begin PBXTargetDependency section */
		2F89B4B2202D29A800DC6105 /* PBXTargetDependency */ = {
			isa = PBXTargetDependency;
			target = 2F89B497202D29A700DC6105 /* FYXComponent */;
			targetProxy = 2F89B4B1202D29A800DC6105 /* PBXContainerItemProxy */;
		};
		2F89B4BD202D29A800DC6105 /* PBXTargetDependency */ = {
			isa = PBXTargetDependency;
			target = 2F89B497202D29A700DC6105 /* FYXComponent */;
			targetProxy = 2F89B4BC202D29A800DC6105 /* PBXContainerItemProxy */;
		};
/* End PBXTargetDependency section */

/* Begin PBXVariantGroup section */
		2F89B4A1202D29A700DC6105 /* Main.storyboard */ = {
			isa = PBXVariantGroup;
			children = (
				2F89B4A2202D29A700DC6105 /* Base */,
			);
			name = Main.storyboard;
			sourceTree = "<group>";
		};
		2F89B4A6202D29A700DC6105 /* LaunchScreen.storyboard */ = {
			isa = PBXVariantGroup;
			children = (
				2F89B4A7202D29A700DC6105 /* Base */,
			);
			name = LaunchScreen.storyboard;
			sourceTree = "<group>";
		};
/* End PBXVariantGroup section */

/* Begin XCBuildConfiguration section */
		2F89B4C2202D29A800DC6105 /* Debug */ = {
			isa = XCBuildConfiguration;
			buildSettings = {
				ALWAYS_SEARCH_USER_PATHS = NO;
				CLANG_ANALYZER_NONNULL = YES;
				CLANG_ANALYZER_NUMBER_OBJECT_CONVERSION = YES_AGGRESSIVE;
				CLANG_CXX_LANGUAGE_STANDARD = "gnu++14";
				CLANG_CXX_LIBRARY = "libc++";
				CLANG_ENABLE_MODULES = YES;
				CLANG_ENABLE_OBJC_ARC = YES;
				CLANG_WARN_BLOCK_CAPTURE_AUTORELEASING = YES;
				CLANG_WARN_BOOL_CONVERSION = YES;
				CLANG_WARN_COMMA = YES;
				CLANG_WARN_CONSTANT_CONVERSION = YES;
				CLANG_WARN_DIRECT_OBJC_ISA_USAGE = YES_ERROR;
				CLANG_WARN_DOCUMENTATION_COMMENTS = YES;
				CLANG_WARN_EMPTY_BODY = YES;
				CLANG_WARN_ENUM_CONVERSION = YES;
				CLANG_WARN_INFINITE_RECURSION = YES;
				CLANG_WARN_INT_CONVERSION = YES;
				CLANG_WARN_NON_LITERAL_NULL_CONVERSION = YES;
				CLANG_WARN_OBJC_LITERAL_CONVERSION = YES;
				CLANG_WARN_OBJC_ROOT_CLASS = YES_ERROR;
				CLANG_WARN_RANGE_LOOP_ANALYSIS = YES;
				CLANG_WARN_STRICT_PROTOTYPES = YES;
				CLANG_WARN_SUSPICIOUS_MOVE = YES;
				CLANG_WARN_UNGUARDED_AVAILABILITY = YES_AGGRESSIVE;
				CLANG_WARN_UNREACHABLE_CODE = YES;
				CLANG_WARN__DUPLICATE_METHOD_MATCH = YES;
				CODE_SIGN_IDENTITY = "iPhone Developer";
				COPY_PHASE_STRIP = NO;
				DEBUG_INFORMATION_FORMAT = dwarf;
				ENABLE_STRICT_OBJC_MSGSEND = YES;
				ENABLE_TESTABILITY = YES;
				GCC_C_LANGUAGE_STANDARD = gnu11;
				GCC_DYNAMIC_NO_PIC = NO;
				GCC_NO_COMMON_BLOCKS = YES;
				GCC_OPTIMIZATION_LEVEL = 0;
				GCC_PREPROCESSOR_DEFINITIONS = (
					"DEBUG=1",
					"$(inherited)",
				);
				GCC_WARN_64_TO_32_BIT_CONVERSION = YES;
				GCC_WARN_ABOUT_RETURN_TYPE = YES_ERROR;
				GCC_WARN_UNDECLARED_SELECTOR = YES;
				GCC_WARN_UNINITIALIZED_AUTOS = YES_AGGRESSIVE;
				GCC_WARN_UNUSED_FUNCTION = YES;
				GCC_WARN_UNUSED_VARIABLE = YES;
				IPHONEOS_DEPLOYMENT_TARGET = 11.2;
				MTL_ENABLE_DEBUG_INFO = YES;
				ONLY_ACTIVE_ARCH = YES;
				SDKROOT = iphoneos;
			};
			name = Debug;
		};
		2F89B4C3202D29A800DC6105 /* Release */ = {
			isa = XCBuildConfiguration;
			buildSettings = {
				ALWAYS_SEARCH_USER_PATHS = NO;
				CLANG_ANALYZER_NONNULL = YES;
				CLANG_ANALYZER_NUMBER_OBJECT_CONVERSION = YES_AGGRESSIVE;
				CLANG_CXX_LANGUAGE_STANDARD = "gnu++14";
				CLANG_CXX_LIBRARY = "libc++";
				CLANG_ENABLE_MODULES = YES;
				CLANG_ENABLE_OBJC_ARC = YES;
				CLANG_WARN_BLOCK_CAPTURE_AUTORELEASING = YES;
				CLANG_WARN_BOOL_CONVERSION = YES;
				CLANG_WARN_COMMA = YES;
				CLANG_WARN_CONSTANT_CONVERSION = YES;
				CLANG_WARN_DIRECT_OBJC_ISA_USAGE = YES_ERROR;
				CLANG_WARN_DOCUMENTATION_COMMENTS = YES;
				CLANG_WARN_EMPTY_BODY = YES;
				CLANG_WARN_ENUM_CONVERSION = YES;
				CLANG_WARN_INFINITE_RECURSION = YES;
				CLANG_WARN_INT_CONVERSION = YES;
				CLANG_WARN_NON_LITERAL_NULL_CONVERSION = YES;
				CLANG_WARN_OBJC_LITERAL_CONVERSION = YES;
				CLANG_WARN_OBJC_ROOT_CLASS = YES_ERROR;
				CLANG_WARN_RANGE_LOOP_ANALYSIS = YES;
				CLANG_WARN_STRICT_PROTOTYPES = YES;
				CLANG_WARN_SUSPICIOUS_MOVE = YES;
				CLANG_WARN_UNGUARDED_AVAILABILITY = YES_AGGRESSIVE;
				CLANG_WARN_UNREACHABLE_CODE = YES;
				CLANG_WARN__DUPLICATE_METHOD_MATCH = YES;
				CODE_SIGN_IDENTITY = "iPhone Developer";
				COPY_PHASE_STRIP = NO;
				DEBUG_INFORMATION_FORMAT = "dwarf-with-dsym";
				ENABLE_NS_ASSERTIONS = NO;
				ENABLE_STRICT_OBJC_MSGSEND = YES;
				GCC_C_LANGUAGE_STANDARD = gnu11;
				GCC_NO_COMMON_BLOCKS = YES;
				GCC_WARN_64_TO_32_BIT_CONVERSION = YES;
				GCC_WARN_ABOUT_RETURN_TYPE = YES_ERROR;
				GCC_WARN_UNDECLARED_SELECTOR = YES;
				GCC_WARN_UNINITIALIZED_AUTOS = YES_AGGRESSIVE;
				GCC_WARN_UNUSED_FUNCTION = YES;
				GCC_WARN_UNUSED_VARIABLE = YES;
				IPHONEOS_DEPLOYMENT_TARGET = 11.2;
				MTL_ENABLE_DEBUG_INFO = NO;
				SDKROOT = iphoneos;
				VALIDATE_PRODUCT = YES;
			};
			name = Release;
		};
		2F89B4C5202D29A800DC6105 /* Debug */ = {
			isa = XCBuildConfiguration;
			buildSettings = {
				ASSETCATALOG_COMPILER_APPICON_NAME = AppIcon;
				CODE_SIGN_STYLE = Automatic;
				DEVELOPMENT_TEAM = SU246845TG;
				INFOPLIST_FILE = FYXComponent/Info.plist;
				LD_RUNPATH_SEARCH_PATHS = "$(inherited) @executable_path/Frameworks";
				PRODUCT_BUNDLE_IDENTIFIER = com.rickYun.FYXComponent;
				PRODUCT_NAME = "$(TARGET_NAME)";
				TARGETED_DEVICE_FAMILY = "1,2";
			};
			name = Debug;
		};
		2F89B4C6202D29A800DC6105 /* Release */ = {
			isa = XCBuildConfiguration;
			buildSettings = {
				ASSETCATALOG_COMPILER_APPICON_NAME = AppIcon;
				CODE_SIGN_STYLE = Automatic;
				DEVELOPMENT_TEAM = SU246845TG;
				INFOPLIST_FILE = FYXComponent/Info.plist;
				LD_RUNPATH_SEARCH_PATHS = "$(inherited) @executable_path/Frameworks";
				PRODUCT_BUNDLE_IDENTIFIER = com.rickYun.FYXComponent;
				PRODUCT_NAME = "$(TARGET_NAME)";
				TARGETED_DEVICE_FAMILY = "1,2";
			};
			name = Release;
		};
		2F89B4C8202D29A800DC6105 /* Debug */ = {
			isa = XCBuildConfiguration;
			buildSettings = {
				BUNDLE_LOADER = "$(TEST_HOST)";
				CODE_SIGN_STYLE = Automatic;
				DEVELOPMENT_TEAM = SU246845TG;
				INFOPLIST_FILE = FYXComponentTests/Info.plist;
				LD_RUNPATH_SEARCH_PATHS = "$(inherited) @executable_path/Frameworks @loader_path/Frameworks";
				PRODUCT_BUNDLE_IDENTIFIER = com.rickYun.FYXComponentTests;
				PRODUCT_NAME = "$(TARGET_NAME)";
				TARGETED_DEVICE_FAMILY = "1,2";
				TEST_HOST = "$(BUILT_PRODUCTS_DIR)/FYXComponent.app/FYXComponent";
			};
			name = Debug;
		};
		2F89B4C9202D29A800DC6105 /* Release */ = {
			isa = XCBuildConfiguration;
			buildSettings = {
				BUNDLE_LOADER = "$(TEST_HOST)";
				CODE_SIGN_STYLE = Automatic;
				DEVELOPMENT_TEAM = SU246845TG;
				INFOPLIST_FILE = FYXComponentTests/Info.plist;
				LD_RUNPATH_SEARCH_PATHS = "$(inherited) @executable_path/Frameworks @loader_path/Frameworks";
				PRODUCT_BUNDLE_IDENTIFIER = com.rickYun.FYXComponentTests;
				PRODUCT_NAME = "$(TARGET_NAME)";
				TARGETED_DEVICE_FAMILY = "1,2";
				TEST_HOST = "$(BUILT_PRODUCTS_DIR)/FYXComponent.app/FYXComponent";
			};
			name = Release;
		};
		2F89B4CB202D29A800DC6105 /* Debug */ = {
			isa = XCBuildConfiguration;
			buildSettings = {
				CODE_SIGN_STYLE = Automatic;
				DEVELOPMENT_TEAM = SU246845TG;
				INFOPLIST_FILE = FYXComponentUITests/Info.plist;
				LD_RUNPATH_SEARCH_PATHS = "$(inherited) @executable_path/Frameworks @loader_path/Frameworks";
				PRODUCT_BUNDLE_IDENTIFIER = com.rickYun.FYXComponentUITests;
				PRODUCT_NAME = "$(TARGET_NAME)";
				TARGETED_DEVICE_FAMILY = "1,2";
				TEST_TARGET_NAME = FYXComponent;
			};
			name = Debug;
		};
		2F89B4CC202D29A800DC6105 /* Release */ = {
			isa = XCBuildConfiguration;
			buildSettings = {
				CODE_SIGN_STYLE = Automatic;
				DEVELOPMENT_TEAM = SU246845TG;
				INFOPLIST_FILE = FYXComponentUITests/Info.plist;
				LD_RUNPATH_SEARCH_PATHS = "$(inherited) @executable_path/Frameworks @loader_path/Frameworks";
				PRODUCT_BUNDLE_IDENTIFIER = com.rickYun.FYXComponentUITests;
				PRODUCT_NAME = "$(TARGET_NAME)";
				TARGETED_DEVICE_FAMILY = "1,2";
				TEST_TARGET_NAME = FYXComponent;
			};
			name = Release;
		};
/* End XCBuildConfiguration section */

/* Begin XCConfigurationList section */
		2F89B493202D29A700DC6105 /* Build configuration list for PBXProject "FYXComponent" */ = {
			isa = XCConfigurationList;
			buildConfigurations = (
				2F89B4C2202D29A800DC6105 /* Debug */,
				2F89B4C3202D29A800DC6105 /* Release */,
			);
			defaultConfigurationIsVisible = 0;
			defaultConfigurationName = Release;
		};
		2F89B4C4202D29A800DC6105 /* Build configuration list for PBXNativeTarget "FYXComponent" */ = {
			isa = XCConfigurationList;
			buildConfigurations = (
				2F89B4C5202D29A800DC6105 /* Debug */,
				2F89B4C6202D29A800DC6105 /* Release */,
			);
			defaultConfigurationIsVisible = 0;
			defaultConfigurationName = Release;
		};
		2F89B4C7202D29A800DC6105 /* Build configuration list for PBXNativeTarget "FYXComponentTests" */ = {
			isa = XCConfigurationList;
			buildConfigurations = (
				2F89B4C8202D29A800DC6105 /* Debug */,
				2F89B4C9202D29A800DC6105 /* Release */,
			);
			defaultConfigurationIsVisible = 0;
			defaultConfigurationName = Release;
		};
		2F89B4CA202D29A800DC6105 /* Build configuration list for PBXNativeTarget "FYXComponentUITests" */ = {
			isa = XCConfigurationList;
			buildConfigurations = (
				2F89B4CB202D29A800DC6105 /* Debug */,
				2F89B4CC202D29A800DC6105 /* Release */,
			);
			defaultConfigurationIsVisible = 0;
			defaultConfigurationName = Release;
		};
/* End XCConfigurationList section */
	};
	rootObject = 2F89B490202D29A700DC6105 /* Project object */;
}
